// !$*UTF8*$!
{
	archiveVersion = 1;
	classes = {
	};
	objectVersion = 46;
	objects = {

/* Begin PBXBuildFile section */
		3B4C92611D072ED800E2312D /* stdarg.h in Sources */ = {isa = PBXBuildFile; fileRef = 3B4C925C1D072ECF00E2312D /* stdarg.h */; };
		3B4C92621D072EDA00E2312D /* stdbool.h in Sources */ = {isa = PBXBuildFile; fileRef = 3B4C925D1D072ECF00E2312D /* stdbool.h */; };
		3B4C92631D072EDD00E2312D /* stddef.h in Sources */ = {isa = PBXBuildFile; fileRef = 3B4C925E1D072ECF00E2312D /* stddef.h */; };
		3B4C92641D072EE000E2312D /* stdint.h in Sources */ = {isa = PBXBuildFile; fileRef = 3B4C925F1D072ECF00E2312D /* stdint.h */; };
		3B6C4D531D157A0400D34BD6 /* cpuid.c in Sources */ = {isa = PBXBuildFile; fileRef = 3B6C4D511D157A0400D34BD6 /* cpuid.c */; };
		3B6C4D541D15804700D34BD6 /* cpuid.h in Sources */ = {isa = PBXBuildFile; fileRef = 3B6C4D521D157A0400D34BD6 /* cpuid.h */; };
		3B7222441CE7764F00E1AC35 /* kmalloc.c in Sources */ = {isa = PBXBuildFile; fileRef = 3B7222421CE7764F00E1AC35 /* kmalloc.c */; };
		3B7222451CE778E200E1AC35 /* asm.h in Sources */ = {isa = PBXBuildFile; fileRef = 3B7222311CE7611600E1AC35 /* asm.h */; };
		3B7222461CE778E400E1AC35 /* crti.S in Sources */ = {isa = PBXBuildFile; fileRef = 3B7222321CE7611600E1AC35 /* crti.S */; };
		3B7222471CE778E600E1AC35 /* crtn.S in Sources */ = {isa = PBXBuildFile; fileRef = 3B7222331CE7611600E1AC35 /* crtn.S */; };
		3B7222481CE778E700E1AC35 /* gdt.c in Sources */ = {isa = PBXBuildFile; fileRef = 3B7222341CE7611600E1AC35 /* gdt.c */; };
		3B7222491CE778E800E1AC35 /* pio.h in Sources */ = {isa = PBXBuildFile; fileRef = 3B7222351CE7611600E1AC35 /* pio.h */; };
		3B72224A1CE778EB00E1AC35 /* pmap.h in Sources */ = {isa = PBXBuildFile; fileRef = 3B7222361CE7611600E1AC35 /* pmap.h */; };
		3B72224B1CE778ED00E1AC35 /* proc_reg.h in Sources */ = {isa = PBXBuildFile; fileRef = 3B7222371CE7611600E1AC35 /* proc_reg.h */; };
		3B72224C1CE778EF00E1AC35 /* seg.h in Sources */ = {isa = PBXBuildFile; fileRef = 3B7222381CE7611600E1AC35 /* seg.h */; };
		3B72224D1CE778F100E1AC35 /* sel.h in Sources */ = {isa = PBXBuildFile; fileRef = 3B7222391CE7611600E1AC35 /* sel.h */; };
		3B72224E1CE778F200E1AC35 /* command.h in Sources */ = {isa = PBXBuildFile; fileRef = 3B7222271CE760D700E1AC35 /* command.h */; };
		3B72224F1CE778F300E1AC35 /* printf.c in Sources */ = {isa = PBXBuildFile; fileRef = 3B7222281CE760D700E1AC35 /* printf.c */; };
		3B7222501CE778F600E1AC35 /* tty.c in Sources */ = {isa = PBXBuildFile; fileRef = 3B7222291CE760D700E1AC35 /* tty.c */; };
		3B7222511CE778F900E1AC35 /* tty.h in Sources */ = {isa = PBXBuildFile; fileRef = 3B72222A1CE760D700E1AC35 /* tty.h */; };
		3B7222521CE778FB00E1AC35 /* vga.h in Sources */ = {isa = PBXBuildFile; fileRef = 3B72222B1CE760D700E1AC35 /* vga.h */; };
		3B7222531CE7790300E1AC35 /* kmalloc.h in Sources */ = {isa = PBXBuildFile; fileRef = 3B7222431CE7764F00E1AC35 /* kmalloc.h */; };
		3B7222541CE7791100E1AC35 /* PS2Controller.h in Sources */ = {isa = PBXBuildFile; fileRef = 3B72222C1CE760E400E1AC35 /* PS2Controller.h */; };
		3B7222551CE7791400E1AC35 /* boot_pt.c in Sources */ = {isa = PBXBuildFile; fileRef = 3B72222E1CE760FB00E1AC35 /* boot_pt.c */; };
		3B7222561CE7791600E1AC35 /* start.S in Sources */ = {isa = PBXBuildFile; fileRef = 3B72222F1CE760FB00E1AC35 /* start.S */; };
		3B7222571CE7791800E1AC35 /* arch.c in Sources */ = {isa = PBXBuildFile; fileRef = 3B72223A1CE7612600E1AC35 /* arch.c */; };
		3B7222581CE7791900E1AC35 /* arch.h in Sources */ = {isa = PBXBuildFile; fileRef = 3B72223B1CE7612600E1AC35 /* arch.h */; };
		3B7222591CE7791B00E1AC35 /* asmlib.S in Sources */ = {isa = PBXBuildFile; fileRef = 3B72223C1CE7612600E1AC35 /* asmlib.S */; };
		3B72225C1CE7792200E1AC35 /* version.h in Sources */ = {isa = PBXBuildFile; fileRef = 3B72223F1CE7612600E1AC35 /* version.h */; };
		3B72225D1CE7792500E1AC35 /* cdefs.h in Sources */ = {isa = PBXBuildFile; fileRef = 3B7222411CE7615600E1AC35 /* cdefs.h */; };
		3B7DD8701C57B6F700F3B86A /* kernel.c in Sources */ = {isa = PBXBuildFile; fileRef = 3B8B14F81C1DE77E0003638E /* kernel.c */; };
		3B7DD8711C57B6F900F3B86A /* command.c in Sources */ = {isa = PBXBuildFile; fileRef = 3B72518F1C20A0B9009560FE /* command.c */; };
		3BAF96451C6E479900B3B459 /* PS2Controller.c in Sources */ = {isa = PBXBuildFile; fileRef = 3BAF96441C6E479900B3B459 /* PS2Controller.c */; };
		3BB6BDBA1D1421EF00C344C7 /* pci.c in Sources */ = {isa = PBXBuildFile; fileRef = 3BB6BDB91D1421EF00C344C7 /* pci.c */; };
		3BB6BDBC1D14223000C344C7 /* pci.h in Sources */ = {isa = PBXBuildFile; fileRef = 3BB6BDBB1D14221A00C344C7 /* pci.h */; };
/* End PBXBuildFile section */

/* Begin PBXCopyFilesBuildPhase section */
		3B7DD8661C57B6B800F3B86A /* CopyFiles */ = {
			isa = PBXCopyFilesBuildPhase;
			buildActionMask = 2147483647;
			dstPath = /usr/share/man/man1/;
			dstSubfolderSpec = 0;
			files = (
			);
			runOnlyForDeploymentPostprocessing = 1;
		};
/* End PBXCopyFilesBuildPhase section */

/* Begin PBXFileReference section */
		3B4C925C1D072ECF00E2312D /* stdarg.h */ = {isa = PBXFileReference; fileEncoding = 4; lastKnownFileType = sourcecode.c.h; name = stdarg.h; path = EXTERNAL_HEADERS/stdarg.h; sourceTree = "<group>"; };
		3B4C925D1D072ECF00E2312D /* stdbool.h */ = {isa = PBXFileReference; fileEncoding = 4; lastKnownFileType = sourcecode.c.h; name = stdbool.h; path = EXTERNAL_HEADERS/stdbool.h; sourceTree = "<group>"; };
		3B4C925E1D072ECF00E2312D /* stddef.h */ = {isa = PBXFileReference; fileEncoding = 4; lastKnownFileType = sourcecode.c.h; name = stddef.h; path = EXTERNAL_HEADERS/stddef.h; sourceTree = "<group>"; };
		3B4C925F1D072ECF00E2312D /* stdint.h */ = {isa = PBXFileReference; fileEncoding = 4; lastKnownFileType = sourcecode.c.h; name = stdint.h; path = EXTERNAL_HEADERS/stdint.h; sourceTree = "<group>"; };
		3B6C4D511D157A0400D34BD6 /* cpuid.c */ = {isa = PBXFileReference; fileEncoding = 4; lastKnownFileType = sourcecode.c.c; name = cpuid.c; path = kernel/i386/cpuid.c; sourceTree = "<group>"; };
		3B6C4D521D157A0400D34BD6 /* cpuid.h */ = {isa = PBXFileReference; fileEncoding = 4; lastKnownFileType = sourcecode.c.h; name = cpuid.h; path = kernel/i386/cpuid.h; sourceTree = "<group>"; };
		3B7222271CE760D700E1AC35 /* command.h */ = {isa = PBXFileReference; fileEncoding = 4; lastKnownFileType = sourcecode.c.h; name = command.h; path = kernel/kernel/command.h; sourceTree = "<group>"; };
		3B7222281CE760D700E1AC35 /* printf.c */ = {isa = PBXFileReference; fileEncoding = 4; lastKnownFileType = sourcecode.c.c; name = printf.c; path = kernel/kernel/printf.c; sourceTree = "<group>"; };
		3B7222291CE760D700E1AC35 /* tty.c */ = {isa = PBXFileReference; fileEncoding = 4; lastKnownFileType = sourcecode.c.c; name = tty.c; path = kernel/kernel/tty.c; sourceTree = "<group>"; };
		3B72222A1CE760D700E1AC35 /* tty.h */ = {isa = PBXFileReference; fileEncoding = 4; lastKnownFileType = sourcecode.c.h; name = tty.h; path = kernel/kernel/tty.h; sourceTree = "<group>"; };
		3B72222B1CE760D700E1AC35 /* vga.h */ = {isa = PBXFileReference; fileEncoding = 4; lastKnownFileType = sourcecode.c.h; name = vga.h; path = kernel/kernel/vga.h; sourceTree = "<group>"; };
		3B72222C1CE760E400E1AC35 /* PS2Controller.h */ = {isa = PBXFileReference; fileEncoding = 4; lastKnownFileType = sourcecode.c.h; name = PS2Controller.h; path = kernel/modules/PS2Controller.h; sourceTree = "<group>"; };
		3B72222E1CE760FB00E1AC35 /* boot_pt.c */ = {isa = PBXFileReference; fileEncoding = 4; lastKnownFileType = sourcecode.c.c; name = boot_pt.c; path = kernel/x86_64/boot_pt.c; sourceTree = "<group>"; };
		3B72222F1CE760FB00E1AC35 /* start.S */ = {isa = PBXFileReference; fileEncoding = 4; lastKnownFileType = sourcecode.asm; name = start.S; path = kernel/x86_64/start.S; sourceTree = "<group>"; };
		3B7222311CE7611600E1AC35 /* asm.h */ = {isa = PBXFileReference; fileEncoding = 4; lastKnownFileType = sourcecode.c.h; name = asm.h; path = kernel/i386/asm.h; sourceTree = "<group>"; };
		3B7222321CE7611600E1AC35 /* crti.S */ = {isa = PBXFileReference; fileEncoding = 4; lastKnownFileType = sourcecode.asm; name = crti.S; path = kernel/i386/crti.S; sourceTree = "<group>"; };
		3B7222331CE7611600E1AC35 /* crtn.S */ = {isa = PBXFileReference; fileEncoding = 4; lastKnownFileType = sourcecode.asm; name = crtn.S; path = kernel/i386/crtn.S; sourceTree = "<group>"; };
		3B7222341CE7611600E1AC35 /* gdt.c */ = {isa = PBXFileReference; fileEncoding = 4; lastKnownFileType = sourcecode.c.c; name = gdt.c; path = kernel/i386/gdt.c; sourceTree = "<group>"; };
		3B7222351CE7611600E1AC35 /* pio.h */ = {isa = PBXFileReference; fileEncoding = 4; lastKnownFileType = sourcecode.c.h; name = pio.h; path = kernel/i386/pio.h; sourceTree = "<group>"; };
		3B7222361CE7611600E1AC35 /* pmap.h */ = {isa = PBXFileReference; fileEncoding = 4; lastKnownFileType = sourcecode.c.h; name = pmap.h; path = kernel/i386/pmap.h; sourceTree = "<group>"; };
		3B7222371CE7611600E1AC35 /* proc_reg.h */ = {isa = PBXFileReference; fileEncoding = 4; lastKnownFileType = sourcecode.c.h; name = proc_reg.h; path = kernel/i386/proc_reg.h; sourceTree = "<group>"; };
		3B7222381CE7611600E1AC35 /* seg.h */ = {isa = PBXFileReference; fileEncoding = 4; lastKnownFileType = sourcecode.c.h; name = seg.h; path = kernel/i386/seg.h; sourceTree = "<group>"; };
		3B7222391CE7611600E1AC35 /* sel.h */ = {isa = PBXFileReference; fileEncoding = 4; lastKnownFileType = sourcecode.c.h; name = sel.h; path = kernel/i386/sel.h; sourceTree = "<group>"; };
		3B72223A1CE7612600E1AC35 /* arch.c */ = {isa = PBXFileReference; fileEncoding = 4; lastKnownFileType = sourcecode.c.c; name = arch.c; path = kernel/arch.c; sourceTree = "<group>"; };
		3B72223B1CE7612600E1AC35 /* arch.h */ = {isa = PBXFileReference; fileEncoding = 4; lastKnownFileType = sourcecode.c.h; name = arch.h; path = kernel/arch.h; sourceTree = "<group>"; };
		3B72223C1CE7612600E1AC35 /* asmlib.S */ = {isa = PBXFileReference; fileEncoding = 4; lastKnownFileType = sourcecode.asm; name = asmlib.S; path = kernel/asmlib.S; sourceTree = "<group>"; };
		3B72223F1CE7612600E1AC35 /* version.h */ = {isa = PBXFileReference; fileEncoding = 4; lastKnownFileType = sourcecode.c.h; name = version.h; path = kernel/version.h; sourceTree = "<group>"; };
		3B7222411CE7615600E1AC35 /* cdefs.h */ = {isa = PBXFileReference; fileEncoding = 4; lastKnownFileType = sourcecode.c.h; name = cdefs.h; path = kernel/sys/cdefs.h; sourceTree = "<group>"; };
		3B7222421CE7764F00E1AC35 /* kmalloc.c */ = {isa = PBXFileReference; fileEncoding = 4; lastKnownFileType = sourcecode.c.c; name = kmalloc.c; path = kernel/kernel/kmalloc.c; sourceTree = "<group>"; };
		3B7222431CE7764F00E1AC35 /* kmalloc.h */ = {isa = PBXFileReference; fileEncoding = 4; lastKnownFileType = sourcecode.c.h; name = kmalloc.h; path = kernel/kernel/kmalloc.h; sourceTree = "<group>"; };
		3B72518F1C20A0B9009560FE /* command.c */ = {isa = PBXFileReference; fileEncoding = 4; lastKnownFileType = sourcecode.c.c; name = command.c; path = kernel/kernel/command.c; sourceTree = "<group>"; };
		3B77DEDB1CEB682D00B8720D /* Makefile */ = {isa = PBXFileReference; fileEncoding = 4; lastKnownFileType = sourcecode.make; name = Makefile; path = libc/Makefile; sourceTree = "<group>"; };
		3B77DEE01CEB685800B8720D /* stdio.h */ = {isa = PBXFileReference; fileEncoding = 4; lastKnownFileType = sourcecode.c.h; name = stdio.h; path = libc/include/stdio.h; sourceTree = "<group>"; };
		3B77DEE11CEB685800B8720D /* stdlib.h */ = {isa = PBXFileReference; fileEncoding = 4; lastKnownFileType = sourcecode.c.h; name = stdlib.h; path = libc/include/stdlib.h; sourceTree = "<group>"; };
		3B77DEE21CEB685800B8720D /* string.h */ = {isa = PBXFileReference; fileEncoding = 4; lastKnownFileType = sourcecode.c.h; name = string.h; path = libc/include/string.h; sourceTree = "<group>"; };
		3B77DEE31CEB685800B8720D /* time.h */ = {isa = PBXFileReference; fileEncoding = 4; lastKnownFileType = sourcecode.c.h; name = time.h; path = libc/include/time.h; sourceTree = "<group>"; };
		3B77DEE41CEB686300B8720D /* getchar.c */ = {isa = PBXFileReference; fileEncoding = 4; lastKnownFileType = sourcecode.c.c; name = getchar.c; path = libc/stdio/getchar.c; sourceTree = "<group>"; };
		3B77DEE51CEB686300B8720D /* gets.c */ = {isa = PBXFileReference; fileEncoding = 4; lastKnownFileType = sourcecode.c.c; name = gets.c; path = libc/stdio/gets.c; sourceTree = "<group>"; };
		3B77DEE61CEB686300B8720D /* printf.cpp */ = {isa = PBXFileReference; fileEncoding = 4; lastKnownFileType = sourcecode.cpp.cpp; name = printf.cpp; path = libc/stdio/printf.cpp; sourceTree = "<group>"; };
		3B77DEE71CEB686300B8720D /* putchar.c */ = {isa = PBXFileReference; fileEncoding = 4; lastKnownFileType = sourcecode.c.c; name = putchar.c; path = libc/stdio/putchar.c; sourceTree = "<group>"; };
		3B77DEE81CEB686300B8720D /* puts.c */ = {isa = PBXFileReference; fileEncoding = 4; lastKnownFileType = sourcecode.c.c; name = puts.c; path = libc/stdio/puts.c; sourceTree = "<group>"; };
		3B77DEE91CEB686E00B8720D /* itoa.cpp */ = {isa = PBXFileReference; fileEncoding = 4; lastKnownFileType = sourcecode.cpp.cpp; name = itoa.cpp; path = libc/string/itoa.cpp; sourceTree = "<group>"; };
		3B77DEEA1CEB686E00B8720D /* strcmp.cpp */ = {isa = PBXFileReference; fileEncoding = 4; lastKnownFileType = sourcecode.cpp.cpp; name = strcmp.cpp; path = libc/string/strcmp.cpp; sourceTree = "<group>"; };
		3B77DEEB1CEB686E00B8720D /* strlen.cpp */ = {isa = PBXFileReference; fileEncoding = 4; lastKnownFileType = sourcecode.cpp.cpp; name = strlen.cpp; path = libc/string/strlen.cpp; sourceTree = "<group>"; };
		3B77DEEC1CEB687800B8720D /* error.c */ = {isa = PBXFileReference; fileEncoding = 4; lastKnownFileType = sourcecode.c.c; name = error.c; path = libc/stdlib/error.c; sourceTree = "<group>"; };
		3B77DEED1CEB687800B8720D /* panic.c */ = {isa = PBXFileReference; fileEncoding = 4; lastKnownFileType = sourcecode.c.c; name = panic.c; path = libc/stdlib/panic.c; sourceTree = "<group>"; };
		3B77DEEF1CEB688D00B8720D /* time.c */ = {isa = PBXFileReference; fileEncoding = 4; lastKnownFileType = sourcecode.c.c; name = time.c; path = libc/time/time.c; sourceTree = "<group>"; };
		3B77DEF01CEB6CD300B8720D /* libc.a */ = {isa = PBXFileReference; lastKnownFileType = archive.ar; name = libc.a; path = libc/libc.a; sourceTree = "<group>"; };
		3B77DEF11CEB6CD300B8720D /* libk.a */ = {isa = PBXFileReference; lastKnownFileType = archive.ar; name = libk.a; path = libc/libk.a; sourceTree = "<group>"; };
		3B8B14F41C1DE75A0003638E /* Makefile */ = {isa = PBXFileReference; explicitFileType = text; fileEncoding = 4; name = Makefile; path = kernel/Makefile; sourceTree = "<group>"; usesTabs = 1; };
		3B8B14F81C1DE77E0003638E /* kernel.c */ = {isa = PBXFileReference; fileEncoding = 4; lastKnownFileType = sourcecode.c.c; name = kernel.c; path = kernel/kernel/kernel.c; sourceTree = "<group>"; };
		3B8B15131C1DE92E0003638E /* README.md */ = {isa = PBXFileReference; fileEncoding = 4; lastKnownFileType = net.daringfireball.markdown; path = README.md; sourceTree = "<group>"; };
		3B8B15151C1DE9450003638E /* BetaOS.iso */ = {isa = PBXFileReference; lastKnownFileType = file; name = BetaOS.iso; path = product/BetaOS.iso; sourceTree = "<group>"; };
		3B8B15171C1DE9520003638E /* BetaOS.kernel */ = {isa = PBXFileReference; lastKnownFileType = file; name = BetaOS.kernel; path = product/boot/BetaOS.kernel; sourceTree = "<group>"; };
		3B8B15191C1DE9600003638E /* grub.cfg */ = {isa = PBXFileReference; fileEncoding = 4; lastKnownFileType = text; name = grub.cfg; path = product/boot/grub/grub.cfg; sourceTree = "<group>"; };
		3B8BF5B11CEA0CA600A32320 /* misc_protos.h */ = {isa = PBXFileReference; fileEncoding = 4; lastKnownFileType = sourcecode.c.h; name = misc_protos.h; path = kernel/kernel/misc_protos.h; sourceTree = "<group>"; };
		3BAF96441C6E479900B3B459 /* PS2Controller.c */ = {isa = PBXFileReference; fileEncoding = 4; lastKnownFileType = sourcecode.c.c; name = PS2Controller.c; path = kernel/modules/PS2Controller.c; sourceTree = "<group>"; };
		3BB6BDB91D1421EF00C344C7 /* pci.c */ = {isa = PBXFileReference; fileEncoding = 4; lastKnownFileType = sourcecode.c.c; name = pci.c; path = kernel/i386/pci.c; sourceTree = "<group>"; };
		3BB6BDBB1D14221A00C344C7 /* pci.h */ = {isa = PBXFileReference; fileEncoding = 4; lastKnownFileType = sourcecode.c.h; name = pci.h; path = kernel/i386/pci.h; sourceTree = "<group>"; };
/* End PBXFileReference section */

/* Begin PBXFrameworksBuildPhase section */
		3B7DD8651C57B6B800F3B86A /* Frameworks */ = {
			isa = PBXFrameworksBuildPhase;
			buildActionMask = 2147483647;
			files = (
			);
			runOnlyForDeploymentPostprocessing = 0;
		};
/* End PBXFrameworksBuildPhase section */

/* Begin PBXGroup section */
		3B4C925A1D072EAE00E2312D /* EXTERNAL_HEADERS */ = {
			isa = PBXGroup;
			children = (
				3B4C925C1D072ECF00E2312D /* stdarg.h */,
				3B4C925D1D072ECF00E2312D /* stdbool.h */,
				3B4C925E1D072ECF00E2312D /* stddef.h */,
				3B4C925F1D072ECF00E2312D /* stdint.h */,
			);
			name = EXTERNAL_HEADERS;
			sourceTree = "<group>";
		};
		3B72222D1CE760EA00E1AC35 /* x86_64 */ = {
			isa = PBXGroup;
			children = (
				3B72222E1CE760FB00E1AC35 /* boot_pt.c */,
				3B72222F1CE760FB00E1AC35 /* start.S */,
			);
			name = x86_64;
			sourceTree = "<group>";
		};
		3B7222301CE7610000E1AC35 /* i386 */ = {
			isa = PBXGroup;
			children = (
				3B7222311CE7611600E1AC35 /* asm.h */,
				3B7222321CE7611600E1AC35 /* crti.S */,
				3B7222331CE7611600E1AC35 /* crtn.S */,
				3B7222341CE7611600E1AC35 /* gdt.c */,
				3B7222351CE7611600E1AC35 /* pio.h */,
				3B7222361CE7611600E1AC35 /* pmap.h */,
				3B7222371CE7611600E1AC35 /* proc_reg.h */,
				3B7222381CE7611600E1AC35 /* seg.h */,
				3B7222391CE7611600E1AC35 /* sel.h */,
				3BB6BDB91D1421EF00C344C7 /* pci.c */,
				3BB6BDBB1D14221A00C344C7 /* pci.h */,
				3B6C4D521D157A0400D34BD6 /* cpuid.h */,
				3B6C4D511D157A0400D34BD6 /* cpuid.c */,
			);
			name = i386;
			sourceTree = "<group>";
		};
		3B7222401CE7612B00E1AC35 /* sys */ = {
			isa = PBXGroup;
			children = (
				3B7222411CE7615600E1AC35 /* cdefs.h */,
			);
			name = sys;
			sourceTree = "<group>";
		};
		3B77DEDA1CEB681500B8720D /* Libc */ = {
			isa = PBXGroup;
			children = (
				3B77DEDC1CEB683200B8720D /* include */,
				3B77DEDD1CEB683800B8720D /* stdio */,
				3B77DEDE1CEB683D00B8720D /* stdlib */,
				3B77DEDF1CEB684200B8720D /* string */,
				3B77DEEE1CEB688000B8720D /* time */,
				3B77DEDB1CEB682D00B8720D /* Makefile */,
			);
			name = Libc;
			sourceTree = "<group>";
		};
		3B77DEDC1CEB683200B8720D /* include */ = {
			isa = PBXGroup;
			children = (
				3B77DEE01CEB685800B8720D /* stdio.h */,
				3B77DEE11CEB685800B8720D /* stdlib.h */,
				3B77DEE21CEB685800B8720D /* string.h */,
				3B77DEE31CEB685800B8720D /* time.h */,
			);
			name = include;
			sourceTree = "<group>";
		};
		3B77DEDD1CEB683800B8720D /* stdio */ = {
			isa = PBXGroup;
			children = (
				3B77DEE41CEB686300B8720D /* getchar.c */,
				3B77DEE51CEB686300B8720D /* gets.c */,
				3B77DEE61CEB686300B8720D /* printf.cpp */,
				3B77DEE71CEB686300B8720D /* putchar.c */,
				3B77DEE81CEB686300B8720D /* puts.c */,
			);
			name = stdio;
			sourceTree = "<group>";
		};
		3B77DEDE1CEB683D00B8720D /* stdlib */ = {
			isa = PBXGroup;
			children = (
				3B77DEEC1CEB687800B8720D /* error.c */,
				3B77DEED1CEB687800B8720D /* panic.c */,
			);
			name = stdlib;
			sourceTree = "<group>";
		};
		3B77DEDF1CEB684200B8720D /* string */ = {
			isa = PBXGroup;
			children = (
				3B77DEE91CEB686E00B8720D /* itoa.cpp */,
				3B77DEEA1CEB686E00B8720D /* strcmp.cpp */,
				3B77DEEB1CEB686E00B8720D /* strlen.cpp */,
			);
			name = string;
			sourceTree = "<group>";
		};
		3B77DEEE1CEB688000B8720D /* time */ = {
			isa = PBXGroup;
			children = (
				3B77DEEF1CEB688D00B8720D /* time.c */,
			);
			name = time;
			sourceTree = "<group>";
		};
		3B8B14CC1C1DE5420003638E = {
			isa = PBXGroup;
			children = (
				3B8B14F31C1DE74A0003638E /* Kernel */,
				3B77DEDA1CEB681500B8720D /* Libc */,
				3B4C925A1D072EAE00E2312D /* EXTERNAL_HEADERS */,
				3B8B15121C1DE9230003638E /* Readme */,
				3B8B15141C1DE9390003638E /* Product */,
			);
			sourceTree = "<group>";
		};
		3B8B14F31C1DE74A0003638E /* Kernel */ = {
			isa = PBXGroup;
			children = (
				3B7222301CE7610000E1AC35 /* i386 */,
				3B8B14F71C1DE7720003638E /* kernel */,
				3BAF96431C6E472D00B3B459 /* modules */,
				3B72222D1CE760EA00E1AC35 /* x86_64 */,
				3B72223A1CE7612600E1AC35 /* arch.c */,
				3B72223B1CE7612600E1AC35 /* arch.h */,
				3B72223C1CE7612600E1AC35 /* asmlib.S */,
				3B72223F1CE7612600E1AC35 /* version.h */,
				3B7222401CE7612B00E1AC35 /* sys */,
				3B8B14F41C1DE75A0003638E /* Makefile */,
			);
			name = Kernel;
			sourceTree = "<group>";
		};
		3B8B14F71C1DE7720003638E /* kernel */ = {
			isa = PBXGroup;
			children = (
				3B7222281CE760D700E1AC35 /* printf.c */,
				3B7222291CE760D700E1AC35 /* tty.c */,
				3B72222A1CE760D700E1AC35 /* tty.h */,
				3B72222B1CE760D700E1AC35 /* vga.h */,
				3B8B14F81C1DE77E0003638E /* kernel.c */,
				3B7222271CE760D700E1AC35 /* command.h */,
				3B72518F1C20A0B9009560FE /* command.c */,
				3B7222421CE7764F00E1AC35 /* kmalloc.c */,
				3B7222431CE7764F00E1AC35 /* kmalloc.h */,
				3B8BF5B11CEA0CA600A32320 /* misc_protos.h */,
			);
			name = kernel;
			sourceTree = "<group>";
		};
		3B8B15121C1DE9230003638E /* Readme */ = {
			isa = PBXGroup;
			children = (
				3B8B15131C1DE92E0003638E /* README.md */,
			);
			name = Readme;
			sourceTree = "<group>";
		};
		3B8B15141C1DE9390003638E /* Product */ = {
			isa = PBXGroup;
			children = (
				3B77DEF01CEB6CD300B8720D /* libc.a */,
				3B77DEF11CEB6CD300B8720D /* libk.a */,
				3B8B15161C1DE9490003638E /* boot */,
				3B8B15151C1DE9450003638E /* BetaOS.iso */,
			);
			name = Product;
			sourceTree = "<group>";
		};
		3B8B15161C1DE9490003638E /* boot */ = {
			isa = PBXGroup;
			children = (
				3B8B15181C1DE9570003638E /* grub */,
				3B8B15171C1DE9520003638E /* BetaOS.kernel */,
			);
			name = boot;
			sourceTree = "<group>";
		};
		3B8B15181C1DE9570003638E /* grub */ = {
			isa = PBXGroup;
			children = (
				3B8B15191C1DE9600003638E /* grub.cfg */,
			);
			name = grub;
			sourceTree = "<group>";
		};
		3BAF96431C6E472D00B3B459 /* modules */ = {
			isa = PBXGroup;
			children = (
				3B72222C1CE760E400E1AC35 /* PS2Controller.h */,
				3BAF96441C6E479900B3B459 /* PS2Controller.c */,
			);
			name = modules;
			sourceTree = "<group>";
		};
/* End PBXGroup section */

/* Begin PBXLegacyTarget section */
		3B8B14D11C1DE5420003638E /* BetaOS */ = {
			isa = PBXLegacyTarget;
			buildArgumentsString = "-j 4 $(ACTION)";
			buildConfigurationList = 3B8B14D41C1DE5420003638E /* Build configuration list for PBXLegacyTarget "BetaOS" */;
			buildPhases = (
			);
			buildToolPath = /usr/bin/make;
			buildWorkingDirectory = /Users/adamkopec/Documents/OS/kernel;
			dependencies = (
			);
			name = BetaOS;
			passBuildSettingsInEnvironment = 1;
			productName = OS;
		};
/* End PBXLegacyTarget section */

/* Begin PBXNativeTarget section */
		3B7DD8671C57B6B800F3B86A /* BetaOS-doc */ = {
			isa = PBXNativeTarget;
			buildConfigurationList = 3B7DD86F1C57B6B800F3B86A /* Build configuration list for PBXNativeTarget "BetaOS-doc" */;
			buildPhases = (
				3B7DD8641C57B6B800F3B86A /* Sources */,
				3B7DD8651C57B6B800F3B86A /* Frameworks */,
				3B7DD8661C57B6B800F3B86A /* CopyFiles */,
			);
			buildRules = (
			);
			dependencies = (
			);
			name = "BetaOS-doc";
			productName = "OS-doc";
			productType = "com.apple.product-type.tool";
		};
/* End PBXNativeTarget section */

/* Begin PBXProject section */
		3B8B14CD1C1DE5420003638E /* Project object */ = {
			isa = PBXProject;
			attributes = {
				LastUpgradeCheck = 0720;
				ORGANIZATIONNAME = "Adam Kopeć";
				TargetAttributes = {
					3B7DD8671C57B6B800F3B86A = {
						CreatedOnToolsVersion = 7.2;
					};
					3B8B14D11C1DE5420003638E = {
						CreatedOnToolsVersion = 7.2;
					};
				};
			};
			buildConfigurationList = 3B8B14D01C1DE5420003638E /* Build configuration list for PBXProject "BetaOS" */;
			compatibilityVersion = "Xcode 3.2";
			developmentRegion = English;
			hasScannedForEncodings = 0;
			knownRegions = (
				en,
			);
			mainGroup = 3B8B14CC1C1DE5420003638E;
			productRefGroup = 3B8B14CC1C1DE5420003638E;
			projectDirPath = "";
			projectRoot = "";
			targets = (
				3B8B14D11C1DE5420003638E /* BetaOS */,
				3B7DD8671C57B6B800F3B86A /* BetaOS-doc */,
			);
		};
/* End PBXProject section */

/* Begin PBXSourcesBuildPhase section */
		3B7DD8641C57B6B800F3B86A /* Sources */ = {
			isa = PBXSourcesBuildPhase;
			buildActionMask = 2147483647;
			files = (
				3B6C4D531D157A0400D34BD6 /* cpuid.c in Sources */,
				3B6C4D541D15804700D34BD6 /* cpuid.h in Sources */,
				3BB6BDBA1D1421EF00C344C7 /* pci.c in Sources */,
				3BB6BDBC1D14223000C344C7 /* pci.h in Sources */,
				3B4C92641D072EE000E2312D /* stdint.h in Sources */,
				3B4C92631D072EDD00E2312D /* stddef.h in Sources */,
				3B4C92621D072EDA00E2312D /* stdbool.h in Sources */,
				3B4C92611D072ED800E2312D /* stdarg.h in Sources */,
				3B72225D1CE7792500E1AC35 /* cdefs.h in Sources */,
				3B72225C1CE7792200E1AC35 /* version.h in Sources */,
				3B7222591CE7791B00E1AC35 /* asmlib.S in Sources */,
				3B7222581CE7791900E1AC35 /* arch.h in Sources */,
				3B7222571CE7791800E1AC35 /* arch.c in Sources */,
				3B7222561CE7791600E1AC35 /* start.S in Sources */,
				3B7222551CE7791400E1AC35 /* boot_pt.c in Sources */,
				3B7222531CE7790300E1AC35 /* kmalloc.h in Sources */,
				3B7222441CE7764F00E1AC35 /* kmalloc.c in Sources */,
				3B7DD8701C57B6F700F3B86A /* kernel.c in Sources */,
				3B7222521CE778FB00E1AC35 /* vga.h in Sources */,
				3B7222511CE778F900E1AC35 /* tty.h in Sources */,
				3B7222501CE778F600E1AC35 /* tty.c in Sources */,
				3B72224F1CE778F300E1AC35 /* printf.c in Sources */,
				3B72224E1CE778F200E1AC35 /* command.h in Sources */,
				3B72224D1CE778F100E1AC35 /* sel.h in Sources */,
				3B72224C1CE778EF00E1AC35 /* seg.h in Sources */,
				3B72224B1CE778ED00E1AC35 /* proc_reg.h in Sources */,
				3B72224A1CE778EB00E1AC35 /* pmap.h in Sources */,
				3B7222491CE778E800E1AC35 /* pio.h in Sources */,
				3B7222481CE778E700E1AC35 /* gdt.c in Sources */,
				3B7222471CE778E600E1AC35 /* crtn.S in Sources */,
				3B7222461CE778E400E1AC35 /* crti.S in Sources */,
				3B7222451CE778E200E1AC35 /* asm.h in Sources */,
				3B7222541CE7791100E1AC35 /* PS2Controller.h in Sources */,
				3BAF96451C6E479900B3B459 /* PS2Controller.c in Sources */,
				3B7DD8711C57B6F900F3B86A /* command.c in Sources */,
			);
			runOnlyForDeploymentPostprocessing = 0;
		};
/* End PBXSourcesBuildPhase section */

/* Begin XCBuildConfiguration section */
		3B7DD86D1C57B6B800F3B86A /* Debug */ = {
			isa = XCBuildConfiguration;
			buildSettings = {
				CODE_SIGN_IDENTITY = "-";
				HEADER_SEARCH_PATHS = (
					"$(PROJECT_DIR)/EXTERNAL_HEADERS",
					"$(PROJECT_DIR)/kernel",
					"$(PROJECT_DIR)/libc/include",
				);
				LIBRARY_SEARCH_PATHS = "$(PROJECT_DIR)/libc";
				MACOSX_DEPLOYMENT_TARGET = 10.11;
				PRODUCT_NAME = BetaOS;
				SDKROOT = macosx;
			};
			name = Debug;
		};
		3B7DD86E1C57B6B800F3B86A /* Release */ = {
			isa = XCBuildConfiguration;
			buildSettings = {
				CODE_SIGN_IDENTITY = "-";
				HEADER_SEARCH_PATHS = (
					"$(PROJECT_DIR)/EXTERNAL_HEADERS",
					"$(PROJECT_DIR)/kernel",
					"$(PROJECT_DIR)/libc/include",
				);
				LIBRARY_SEARCH_PATHS = "$(PROJECT_DIR)/libc";
				MACOSX_DEPLOYMENT_TARGET = 10.11;
				PRODUCT_NAME = BetaOS;
				SDKROOT = macosx;
			};
			name = Release;
		};
		3B8B14D21C1DE5420003638E /* Debug */ = {
			isa = XCBuildConfiguration;
			buildSettings = {
				ALWAYS_SEARCH_USER_PATHS = NO;
				CLANG_CXX_LANGUAGE_STANDARD = "gnu++0x";
				CLANG_CXX_LIBRARY = "libc++";
				CLANG_ENABLE_MODULES = YES;
				CLANG_ENABLE_OBJC_ARC = YES;
				CLANG_WARN_BOOL_CONVERSION = YES;
				CLANG_WARN_CONSTANT_CONVERSION = YES;
				CLANG_WARN_DIRECT_OBJC_ISA_USAGE = YES_ERROR;
				CLANG_WARN_EMPTY_BODY = YES;
				CLANG_WARN_ENUM_CONVERSION = YES;
				CLANG_WARN_INT_CONVERSION = YES;
				CLANG_WARN_OBJC_ROOT_CLASS = YES_ERROR;
				CLANG_WARN_UNREACHABLE_CODE = YES;
				CLANG_WARN__DUPLICATE_METHOD_MATCH = YES;
				COPY_PHASE_STRIP = NO;
				DEBUG_INFORMATION_FORMAT = dwarf;
				ENABLE_STRICT_OBJC_MSGSEND = YES;
				ENABLE_TESTABILITY = YES;
				GCC_C_LANGUAGE_STANDARD = gnu99;
				GCC_DYNAMIC_NO_PIC = NO;
				GCC_NO_COMMON_BLOCKS = YES;
				GCC_OPTIMIZATION_LEVEL = 0;
				GCC_PREPROCESSOR_DEFINITIONS = (
					"DEBUG=1",
					"$(inherited)",
				);
				GCC_WARN_64_TO_32_BIT_CONVERSION = YES;
				GCC_WARN_ABOUT_RETURN_TYPE = YES_ERROR;
				GCC_WARN_UNDECLARED_SELECTOR = YES;
				GCC_WARN_UNINITIALIZED_AUTOS = YES_AGGRESSIVE;
				GCC_WARN_UNUSED_FUNCTION = YES;
				GCC_WARN_UNUSED_VARIABLE = YES;
				MTL_ENABLE_DEBUG_INFO = YES;
				ONLY_ACTIVE_ARCH = YES;
				PRODUCT_NAME = BetaOS;
			};
			name = Debug;
		};
		3B8B14D31C1DE5420003638E /* Release */ = {
			isa = XCBuildConfiguration;
			buildSettings = {
				ALWAYS_SEARCH_USER_PATHS = NO;
				CLANG_CXX_LANGUAGE_STANDARD = "gnu++0x";
				CLANG_CXX_LIBRARY = "libc++";
				CLANG_ENABLE_MODULES = YES;
				CLANG_ENABLE_OBJC_ARC = YES;
				CLANG_WARN_BOOL_CONVERSION = YES;
				CLANG_WARN_CONSTANT_CONVERSION = YES;
				CLANG_WARN_DIRECT_OBJC_ISA_USAGE = YES_ERROR;
				CLANG_WARN_EMPTY_BODY = YES;
				CLANG_WARN_ENUM_CONVERSION = YES;
				CLANG_WARN_INT_CONVERSION = YES;
				CLANG_WARN_OBJC_ROOT_CLASS = YES_ERROR;
				CLANG_WARN_UNREACHABLE_CODE = YES;
				CLANG_WARN__DUPLICATE_METHOD_MATCH = YES;
				COPY_PHASE_STRIP = NO;
				DEBUG_INFORMATION_FORMAT = "dwarf-with-dsym";
				ENABLE_NS_ASSERTIONS = NO;
				ENABLE_STRICT_OBJC_MSGSEND = YES;
				GCC_C_LANGUAGE_STANDARD = gnu99;
				GCC_NO_COMMON_BLOCKS = YES;
				GCC_WARN_64_TO_32_BIT_CONVERSION = YES;
				GCC_WARN_ABOUT_RETURN_TYPE = YES_ERROR;
				GCC_WARN_UNDECLARED_SELECTOR = YES;
				GCC_WARN_UNINITIALIZED_AUTOS = YES_AGGRESSIVE;
				GCC_WARN_UNUSED_FUNCTION = YES;
				GCC_WARN_UNUSED_VARIABLE = YES;
				MTL_ENABLE_DEBUG_INFO = NO;
				PRODUCT_NAME = BetaOS;
			};
			name = Release;
		};
		3B8B14D51C1DE5420003638E /* Debug */ = {
			isa = XCBuildConfiguration;
			buildSettings = {
				DEBUGGING_SYMBOLS = YES;
				DEBUG_INFORMATION_FORMAT = dwarf;
				GCC_C_LANGUAGE_STANDARD = c11;
				GCC_GENERATE_DEBUGGING_SYMBOLS = YES;
				GCC_OPTIMIZATION_LEVEL = 0;
				OTHER_CFLAGS = "";
				OTHER_LDFLAGS = "";
				PRODUCT_NAME = BetaOS;
			};
			name = Debug;
		};
		3B8B14D61C1DE5420003638E /* Release */ = {
			isa = XCBuildConfiguration;
			buildSettings = {
				DEBUG_INFORMATION_FORMAT = "dwarf-with-dsym";
				GCC_C_LANGUAGE_STANDARD = c11;
				OTHER_CFLAGS = "";
				OTHER_LDFLAGS = "";
				PRODUCT_NAME = BetaOS;
			};
			name = Release;
		};
/* End XCBuildConfiguration section */

/* Begin XCConfigurationList section */
		3B7DD86F1C57B6B800F3B86A /* Build configuration list for PBXNativeTarget "BetaOS-doc" */ = {
			isa = XCConfigurationList;
			buildConfigurations = (
				3B7DD86D1C57B6B800F3B86A /* Debug */,
				3B7DD86E1C57B6B800F3B86A /* Release */,
			);
			defaultConfigurationIsVisible = 0;
			defaultConfigurationName = Release;
		};
		3B8B14D01C1DE5420003638E /* Build configuration list for PBXProject "BetaOS" */ = {
			isa = XCConfigurationList;
			buildConfigurations = (
				3B8B14D21C1DE5420003638E /* Debug */,
				3B8B14D31C1DE5420003638E /* Release */,
			);
			defaultConfigurationIsVisible = 0;
			defaultConfigurationName = Release;
		};
		3B8B14D41C1DE5420003638E /* Build configuration list for PBXLegacyTarget "BetaOS" */ = {
			isa = XCConfigurationList;
			buildConfigurations = (
				3B8B14D51C1DE5420003638E /* Debug */,
				3B8B14D61C1DE5420003638E /* Release */,
			);
			defaultConfigurationIsVisible = 0;
			defaultConfigurationName = Release;
		};
/* End XCConfigurationList section */
	};
	rootObject = 3B8B14CD1C1DE5420003638E /* Project object */;
}
