// !$*UTF8*$!
{
	archiveVersion = 1;
	classes = {
	};
	objectVersion = 46;
	objects = {

/* Begin PBXBuildFile section */
		3B460C621C6A455900213C64 /* getchar.c in Sources */ = {isa = PBXBuildFile; fileRef = 3B460C611C6A455900213C64 /* getchar.c */; };
		3B7DD8701C57B6F700F3B86A /* kernel.c in Sources */ = {isa = PBXBuildFile; fileRef = 3B8B14F81C1DE77E0003638E /* kernel.c */; };
		3B7DD8711C57B6F900F3B86A /* command.c in Sources */ = {isa = PBXBuildFile; fileRef = 3B72518F1C20A0B9009560FE /* command.c */; };
		3B7DD8721C57B70200F3B86A /* version.h in Sources */ = {isa = PBXBuildFile; fileRef = 3B8B14FA1C1DE78A0003638E /* version.h */; };
		3B7DD8731C57B70500F3B86A /* command.h in Sources */ = {isa = PBXBuildFile; fileRef = 3B8B14F91C1DE78A0003638E /* command.h */; };
		3B7DD8741C57B70700F3B86A /* vga.h in Sources */ = {isa = PBXBuildFile; fileRef = 3B8B14FE1C1DE7A20003638E /* vga.h */; };
		3B7DD8751C57B70B00F3B86A /* tty.h in Sources */ = {isa = PBXBuildFile; fileRef = 3B8B14FD1C1DE7A20003638E /* tty.h */; };
		3B7DD8761C57B70E00F3B86A /* interrupts.h in Sources */ = {isa = PBXBuildFile; fileRef = 3B8B14FC1C1DE7A20003638E /* interrupts.h */; };
		3B7DD8771C57B71200F3B86A /* arch.h in Sources */ = {isa = PBXBuildFile; fileRef = 3B8B15001C1DE7B20003638E /* arch.h */; };
		3B7DD8781C57B71400F3B86A /* pic.h in Sources */ = {isa = PBXBuildFile; fileRef = 3B79B8A41C21C21500F329CE /* pic.h */; };
		3B7DD8791C57B71D00F3B86A /* arch.c in Sources */ = {isa = PBXBuildFile; fileRef = 3B8B15021C1DE7CD0003638E /* arch.c */; };
		3B7DD87A1C57B72000F3B86A /* boot.S in Sources */ = {isa = PBXBuildFile; fileRef = 3B8B15031C1DE7CD0003638E /* boot.S */; };
		3B7DD87B1C57B72300F3B86A /* crti.S in Sources */ = {isa = PBXBuildFile; fileRef = 3B8B15041C1DE7CD0003638E /* crti.S */; };
		3B7DD87C1C57B72500F3B86A /* crtn.S in Sources */ = {isa = PBXBuildFile; fileRef = 3B8B15051C1DE7CD0003638E /* crtn.S */; };
		3B7DD87D1C57B72800F3B86A /* tty.c in Sources */ = {isa = PBXBuildFile; fileRef = 3B8B15081C1DE7CD0003638E /* tty.c */; };
		3B7DD87E1C57B72A00F3B86A /* pic.c in Sources */ = {isa = PBXBuildFile; fileRef = 3B79B8A51C21C32800F329CE /* pic.c */; };
		3B7DD87F1C57B73100F3B86A /* stdio.h in Sources */ = {isa = PBXBuildFile; fileRef = 3B8B14DA1C1DE6130003638E /* stdio.h */; };
		3B7DD8801C57B73300F3B86A /* stdlib.h in Sources */ = {isa = PBXBuildFile; fileRef = 3B8B14DB1C1DE6130003638E /* stdlib.h */; };
		3B7DD8811C57B73700F3B86A /* string.h in Sources */ = {isa = PBXBuildFile; fileRef = 3B8B14DC1C1DE6130003638E /* string.h */; };
		3B7DD8821C57B73900F3B86A /* time.h in Sources */ = {isa = PBXBuildFile; fileRef = 3B8B14DD1C1DE6130003638E /* time.h */; };
		3B7DD8831C57B73E00F3B86A /* cdefs.h in Sources */ = {isa = PBXBuildFile; fileRef = 3B8B14DE1C1DE61B0003638E /* cdefs.h */; };
		3B7DD8841C57B74300F3B86A /* printf.cpp in Sources */ = {isa = PBXBuildFile; fileRef = 3B8B14E51C1DE6C00003638E /* printf.cpp */; };
		3B7DD8851C57B74600F3B86A /* putchar.c in Sources */ = {isa = PBXBuildFile; fileRef = 3B8B14E61C1DE6C00003638E /* putchar.c */; };
		3B7DD8861C57B74900F3B86A /* puts.c in Sources */ = {isa = PBXBuildFile; fileRef = 3B8B14E71C1DE6C00003638E /* puts.c */; };
		3B7DD8871C57B74D00F3B86A /* panic.c in Sources */ = {isa = PBXBuildFile; fileRef = 3B8B14E81C1DE6CC0003638E /* panic.c */; };
		3B7DD8881C57B75000F3B86A /* error.c in Sources */ = {isa = PBXBuildFile; fileRef = 3B13CF641C4A534700A1EF06 /* error.c */; };
		3B7DD8891C57B75400F3B86A /* itoa.cpp in Sources */ = {isa = PBXBuildFile; fileRef = 3B8B14EA1C1DE6E70003638E /* itoa.cpp */; };
		3B7DD88A1C57B75700F3B86A /* memcmp.cpp in Sources */ = {isa = PBXBuildFile; fileRef = 3B8B14EB1C1DE6E70003638E /* memcmp.cpp */; };
		3B7DD88B1C57B75B00F3B86A /* memmove.cpp in Sources */ = {isa = PBXBuildFile; fileRef = 3B8B14ED1C1DE6E70003638E /* memmove.cpp */; };
		3B7DD88C1C57B75E00F3B86A /* memcpy.cpp in Sources */ = {isa = PBXBuildFile; fileRef = 3B8B14EC1C1DE6E70003638E /* memcpy.cpp */; };
		3B7DD88D1C57B76100F3B86A /* memset.cpp in Sources */ = {isa = PBXBuildFile; fileRef = 3B8B14EE1C1DE6E70003638E /* memset.cpp */; };
		3B7DD88E1C57B76500F3B86A /* strcmp.cpp in Sources */ = {isa = PBXBuildFile; fileRef = 3B8B14EF1C1DE6E70003638E /* strcmp.cpp */; };
		3B7DD88F1C57B76700F3B86A /* strlen.cpp in Sources */ = {isa = PBXBuildFile; fileRef = 3B8B14F01C1DE6E70003638E /* strlen.cpp */; };
		3B7DD8901C57B76B00F3B86A /* time.c in Sources */ = {isa = PBXBuildFile; fileRef = 3B8B14E91C1DE6D60003638E /* time.c */; };
		3B93C6CE1C70909E0050C8BF /* gets.c in Sources */ = {isa = PBXBuildFile; fileRef = 3B93C6CD1C70909E0050C8BF /* gets.c */; };
		3BAF96451C6E479900B3B459 /* PS2Controller.c in Sources */ = {isa = PBXBuildFile; fileRef = 3BAF96441C6E479900B3B459 /* PS2Controller.c */; };
		3BAF96471C6E565A00B3B459 /* PS2Controller.h in Sources */ = {isa = PBXBuildFile; fileRef = 3BAF96461C6E47CB00B3B459 /* PS2Controller.h */; };
/* End PBXBuildFile section */

/* Begin PBXCopyFilesBuildPhase section */
		3B7DD8661C57B6B800F3B86A /* CopyFiles */ = {
			isa = PBXCopyFilesBuildPhase;
			buildActionMask = 2147483647;
			dstPath = /usr/share/man/man1/;
			dstSubfolderSpec = 0;
			files = (
			);
			runOnlyForDeploymentPostprocessing = 1;
		};
/* End PBXCopyFilesBuildPhase section */

/* Begin PBXFileReference section */
		3B13CF641C4A534700A1EF06 /* error.c */ = {isa = PBXFileReference; lastKnownFileType = sourcecode.c.c; name = error.c; path = libc/stdlib/error.c; sourceTree = "<group>"; };
		3B460C611C6A455900213C64 /* getchar.c */ = {isa = PBXFileReference; fileEncoding = 4; lastKnownFileType = sourcecode.c.c; name = getchar.c; path = libc/stdio/getchar.c; sourceTree = "<group>"; };
		3B72518F1C20A0B9009560FE /* command.c */ = {isa = PBXFileReference; fileEncoding = 4; lastKnownFileType = sourcecode.c.c; name = command.c; path = kernel/kernel/command.c; sourceTree = "<group>"; };
		3B79B8A41C21C21500F329CE /* pic.h */ = {isa = PBXFileReference; fileEncoding = 4; lastKnownFileType = sourcecode.c.h; name = pic.h; path = kernel/include/kernel/arch/pic.h; sourceTree = "<group>"; };
		3B79B8A51C21C32800F329CE /* pic.c */ = {isa = PBXFileReference; fileEncoding = 4; lastKnownFileType = sourcecode.c.c; name = pic.c; path = kernel/arch/i386/pic.c; sourceTree = "<group>"; };
		3B8B14DA1C1DE6130003638E /* stdio.h */ = {isa = PBXFileReference; fileEncoding = 4; lastKnownFileType = sourcecode.c.h; name = stdio.h; path = libc/include/stdio.h; sourceTree = "<group>"; };
		3B8B14DB1C1DE6130003638E /* stdlib.h */ = {isa = PBXFileReference; fileEncoding = 4; lastKnownFileType = sourcecode.c.h; name = stdlib.h; path = libc/include/stdlib.h; sourceTree = "<group>"; };
		3B8B14DC1C1DE6130003638E /* string.h */ = {isa = PBXFileReference; fileEncoding = 4; lastKnownFileType = sourcecode.c.h; name = string.h; path = libc/include/string.h; sourceTree = "<group>"; };
		3B8B14DD1C1DE6130003638E /* time.h */ = {isa = PBXFileReference; fileEncoding = 4; lastKnownFileType = sourcecode.c.h; name = time.h; path = libc/include/time.h; sourceTree = "<group>"; };
		3B8B14DE1C1DE61B0003638E /* cdefs.h */ = {isa = PBXFileReference; fileEncoding = 4; lastKnownFileType = sourcecode.c.h; name = cdefs.h; path = libc/include/sys/cdefs.h; sourceTree = "<group>"; };
		3B8B14DF1C1DE62B0003638E /* Makefile */ = {isa = PBXFileReference; explicitFileType = sourcecode.make; fileEncoding = 4; name = Makefile; path = libc/Makefile; sourceTree = "<group>"; };
		3B8B14E51C1DE6C00003638E /* printf.cpp */ = {isa = PBXFileReference; fileEncoding = 4; lastKnownFileType = sourcecode.cpp.cpp; name = printf.cpp; path = libc/stdio/printf.cpp; sourceTree = "<group>"; };
		3B8B14E61C1DE6C00003638E /* putchar.c */ = {isa = PBXFileReference; fileEncoding = 4; lastKnownFileType = sourcecode.c.c; name = putchar.c; path = libc/stdio/putchar.c; sourceTree = "<group>"; };
		3B8B14E71C1DE6C00003638E /* puts.c */ = {isa = PBXFileReference; fileEncoding = 4; lastKnownFileType = sourcecode.c.c; name = puts.c; path = libc/stdio/puts.c; sourceTree = "<group>"; };
		3B8B14E81C1DE6CC0003638E /* panic.c */ = {isa = PBXFileReference; fileEncoding = 4; lastKnownFileType = sourcecode.c.c; name = panic.c; path = libc/stdlib/panic.c; sourceTree = "<group>"; };
		3B8B14E91C1DE6D60003638E /* time.c */ = {isa = PBXFileReference; fileEncoding = 4; lastKnownFileType = sourcecode.c.c; name = time.c; path = libc/time/time.c; sourceTree = "<group>"; };
		3B8B14EA1C1DE6E70003638E /* itoa.cpp */ = {isa = PBXFileReference; fileEncoding = 4; lastKnownFileType = sourcecode.cpp.cpp; name = itoa.cpp; path = libc/string/itoa.cpp; sourceTree = "<group>"; };
		3B8B14EB1C1DE6E70003638E /* memcmp.cpp */ = {isa = PBXFileReference; fileEncoding = 4; lastKnownFileType = sourcecode.cpp.cpp; name = memcmp.cpp; path = libc/string/memcmp.cpp; sourceTree = "<group>"; };
		3B8B14EC1C1DE6E70003638E /* memcpy.cpp */ = {isa = PBXFileReference; fileEncoding = 4; lastKnownFileType = sourcecode.cpp.cpp; name = memcpy.cpp; path = libc/string/memcpy.cpp; sourceTree = "<group>"; };
		3B8B14ED1C1DE6E70003638E /* memmove.cpp */ = {isa = PBXFileReference; fileEncoding = 4; lastKnownFileType = sourcecode.cpp.cpp; name = memmove.cpp; path = libc/string/memmove.cpp; sourceTree = "<group>"; };
		3B8B14EE1C1DE6E70003638E /* memset.cpp */ = {isa = PBXFileReference; fileEncoding = 4; lastKnownFileType = sourcecode.cpp.cpp; name = memset.cpp; path = libc/string/memset.cpp; sourceTree = "<group>"; };
		3B8B14EF1C1DE6E70003638E /* strcmp.cpp */ = {isa = PBXFileReference; fileEncoding = 4; lastKnownFileType = sourcecode.cpp.cpp; name = strcmp.cpp; path = libc/string/strcmp.cpp; sourceTree = "<group>"; };
		3B8B14F01C1DE6E70003638E /* strlen.cpp */ = {isa = PBXFileReference; fileEncoding = 4; lastKnownFileType = sourcecode.cpp.cpp; name = strlen.cpp; path = libc/string/strlen.cpp; sourceTree = "<group>"; };
		3B8B14F21C1DE7100003638E /* make.config */ = {isa = PBXFileReference; explicitFileType = sourcecode.make; fileEncoding = 4; name = make.config; path = libc/arch/i386/make.config; sourceTree = "<group>"; };
		3B8B14F41C1DE75A0003638E /* Makefile */ = {isa = PBXFileReference; explicitFileType = text; fileEncoding = 4; name = Makefile; path = kernel/Makefile; sourceTree = "<group>"; };
		3B8B14F81C1DE77E0003638E /* kernel.c */ = {isa = PBXFileReference; fileEncoding = 4; lastKnownFileType = sourcecode.c.c; name = kernel.c; path = kernel/kernel/kernel.c; sourceTree = "<group>"; };
		3B8B14F91C1DE78A0003638E /* command.h */ = {isa = PBXFileReference; fileEncoding = 4; lastKnownFileType = sourcecode.c.h; name = command.h; path = kernel/include/command.h; sourceTree = "<group>"; };
		3B8B14FA1C1DE78A0003638E /* version.h */ = {isa = PBXFileReference; fileEncoding = 4; lastKnownFileType = sourcecode.c.h; name = version.h; path = kernel/include/version.h; sourceTree = "<group>"; };
		3B8B14FC1C1DE7A20003638E /* interrupts.h */ = {isa = PBXFileReference; fileEncoding = 4; lastKnownFileType = sourcecode.c.h; name = interrupts.h; path = kernel/include/kernel/interrupts.h; sourceTree = "<group>"; };
		3B8B14FD1C1DE7A20003638E /* tty.h */ = {isa = PBXFileReference; fileEncoding = 4; lastKnownFileType = sourcecode.c.h; name = tty.h; path = kernel/include/kernel/tty.h; sourceTree = "<group>"; };
		3B8B14FE1C1DE7A20003638E /* vga.h */ = {isa = PBXFileReference; fileEncoding = 4; lastKnownFileType = sourcecode.c.h; name = vga.h; path = kernel/include/kernel/vga.h; sourceTree = "<group>"; };
		3B8B15001C1DE7B20003638E /* arch.h */ = {isa = PBXFileReference; fileEncoding = 4; lastKnownFileType = sourcecode.c.h; name = arch.h; path = kernel/include/kernel/arch/arch.h; sourceTree = "<group>"; };
		3B8B15021C1DE7CD0003638E /* arch.c */ = {isa = PBXFileReference; fileEncoding = 4; lastKnownFileType = sourcecode.c.c; name = arch.c; path = kernel/arch/i386/arch.c; sourceTree = "<group>"; };
		3B8B15031C1DE7CD0003638E /* boot.S */ = {isa = PBXFileReference; fileEncoding = 4; lastKnownFileType = sourcecode.asm; name = boot.S; path = kernel/arch/i386/boot.S; sourceTree = "<group>"; };
		3B8B15041C1DE7CD0003638E /* crti.S */ = {isa = PBXFileReference; fileEncoding = 4; lastKnownFileType = sourcecode.asm; name = crti.S; path = kernel/arch/i386/crti.S; sourceTree = "<group>"; };
		3B8B15051C1DE7CD0003638E /* crtn.S */ = {isa = PBXFileReference; fileEncoding = 4; lastKnownFileType = sourcecode.asm; name = crtn.S; path = kernel/arch/i386/crtn.S; sourceTree = "<group>"; };
		3B8B15061C1DE7CD0003638E /* linker.ld */ = {isa = PBXFileReference; fileEncoding = 4; lastKnownFileType = text; name = linker.ld; path = kernel/arch/i386/linker.ld; sourceTree = "<group>"; };
		3B8B15071C1DE7CD0003638E /* make.config */ = {isa = PBXFileReference; explicitFileType = sourcecode.make; fileEncoding = 4; name = make.config; path = kernel/arch/i386/make.config; sourceTree = "<group>"; };
		3B8B15081C1DE7CD0003638E /* tty.c */ = {isa = PBXFileReference; fileEncoding = 4; lastKnownFileType = sourcecode.c.c; name = tty.c; path = kernel/arch/i386/tty.c; sourceTree = "<group>"; };
		3B8B150A1C1DE91F0003638E /* build.sh */ = {isa = PBXFileReference; fileEncoding = 4; lastKnownFileType = text.script.sh; path = build.sh; sourceTree = "<group>"; };
		3B8B150B1C1DE91F0003638E /* clean.sh */ = {isa = PBXFileReference; fileEncoding = 4; lastKnownFileType = text.script.sh; path = clean.sh; sourceTree = "<group>"; };
		3B8B150C1C1DE91F0003638E /* config.sh */ = {isa = PBXFileReference; fileEncoding = 4; lastKnownFileType = text.script.sh; path = config.sh; sourceTree = "<group>"; };
		3B8B150D1C1DE91F0003638E /* default-host.sh */ = {isa = PBXFileReference; fileEncoding = 4; lastKnownFileType = text.script.sh; path = "default-host.sh"; sourceTree = "<group>"; };
		3B8B150E1C1DE91F0003638E /* headers.sh */ = {isa = PBXFileReference; fileEncoding = 4; lastKnownFileType = text.script.sh; path = headers.sh; sourceTree = "<group>"; };
		3B8B150F1C1DE91F0003638E /* iso.sh */ = {isa = PBXFileReference; fileEncoding = 4; lastKnownFileType = text.script.sh; path = iso.sh; sourceTree = "<group>"; };
		3B8B15101C1DE91F0003638E /* qemu.sh */ = {isa = PBXFileReference; fileEncoding = 4; lastKnownFileType = text.script.sh; path = qemu.sh; sourceTree = "<group>"; };
		3B8B15111C1DE91F0003638E /* target-triplet-to-arch.sh */ = {isa = PBXFileReference; fileEncoding = 4; lastKnownFileType = text.script.sh; path = "target-triplet-to-arch.sh"; sourceTree = "<group>"; };
		3B8B15131C1DE92E0003638E /* README.md */ = {isa = PBXFileReference; fileEncoding = 4; lastKnownFileType = net.daringfireball.markdown; path = README.md; sourceTree = "<group>"; };
		3B8B15151C1DE9450003638E /* BetaOS.iso */ = {isa = PBXFileReference; lastKnownFileType = file; name = BetaOS.iso; path = product/BetaOS.iso; sourceTree = "<group>"; };
		3B8B15171C1DE9520003638E /* BetaOS.kernel */ = {isa = PBXFileReference; lastKnownFileType = file; name = BetaOS.kernel; path = product/boot/BetaOS.kernel; sourceTree = "<group>"; };
		3B8B15191C1DE9600003638E /* grub.cfg */ = {isa = PBXFileReference; fileEncoding = 4; lastKnownFileType = text; name = grub.cfg; path = product/boot/grub/grub.cfg; sourceTree = "<group>"; };
		3B93C6CD1C70909E0050C8BF /* gets.c */ = {isa = PBXFileReference; fileEncoding = 4; lastKnownFileType = sourcecode.c.c; name = gets.c; path = libc/stdio/gets.c; sourceTree = "<group>"; };
		3BAF96441C6E479900B3B459 /* PS2Controller.c */ = {isa = PBXFileReference; fileEncoding = 4; lastKnownFileType = sourcecode.c.c; name = PS2Controller.c; path = kernel/modules/PS2Controller.c; sourceTree = "<group>"; };
		3BAF96461C6E47CB00B3B459 /* PS2Controller.h */ = {isa = PBXFileReference; fileEncoding = 4; lastKnownFileType = sourcecode.c.h; name = PS2Controller.h; path = kernel/include/PS2Controller.h; sourceTree = "<group>"; };
/* End PBXFileReference section */

/* Begin PBXFrameworksBuildPhase section */
		3B7DD8651C57B6B800F3B86A /* Frameworks */ = {
			isa = PBXFrameworksBuildPhase;
			buildActionMask = 2147483647;
			files = (
			);
			runOnlyForDeploymentPostprocessing = 0;
		};
/* End PBXFrameworksBuildPhase section */

/* Begin PBXGroup section */
		3B8B14CC1C1DE5420003638E = {
			isa = PBXGroup;
			children = (
				3B8B14F31C1DE74A0003638E /* kernel */,
				3B8B14D71C1DE5BB0003638E /* libc */,
				3B8B15091C1DE7FF0003638E /* Scripts */,
				3B8B15121C1DE9230003638E /* Readme */,
				3B8B15141C1DE9390003638E /* Product */,
			);
			sourceTree = "<group>";
		};
		3B8B14D71C1DE5BB0003638E /* libc */ = {
			isa = PBXGroup;
			children = (
				3B8B14D81C1DE5F80003638E /* include */,
				3B8B14E01C1DE67F0003638E /* stdio */,
				3B8B14E11C1DE6940003638E /* stdlib */,
				3B8B14E31C1DE6A30003638E /* string */,
				3B8B14E21C1DE69D0003638E /* time */,
				3B8B14E41C1DE6AC0003638E /* arch */,
				3B8B14DF1C1DE62B0003638E /* Makefile */,
			);
			name = libc;
			sourceTree = "<group>";
		};
		3B8B14D81C1DE5F80003638E /* include */ = {
			isa = PBXGroup;
			children = (
				3B8B14DA1C1DE6130003638E /* stdio.h */,
				3B8B14DB1C1DE6130003638E /* stdlib.h */,
				3B8B14DC1C1DE6130003638E /* string.h */,
				3B8B14DD1C1DE6130003638E /* time.h */,
				3B8B14D91C1DE6010003638E /* sys */,
			);
			name = include;
			sourceTree = "<group>";
		};
		3B8B14D91C1DE6010003638E /* sys */ = {
			isa = PBXGroup;
			children = (
				3B8B14DE1C1DE61B0003638E /* cdefs.h */,
			);
			name = sys;
			sourceTree = "<group>";
		};
		3B8B14E01C1DE67F0003638E /* stdio */ = {
			isa = PBXGroup;
			children = (
				3B8B14E51C1DE6C00003638E /* printf.cpp */,
				3B8B14E61C1DE6C00003638E /* putchar.c */,
				3B8B14E71C1DE6C00003638E /* puts.c */,
				3B460C611C6A455900213C64 /* getchar.c */,
				3B93C6CD1C70909E0050C8BF /* gets.c */,
			);
			name = stdio;
			sourceTree = "<group>";
		};
		3B8B14E11C1DE6940003638E /* stdlib */ = {
			isa = PBXGroup;
			children = (
				3B8B14E81C1DE6CC0003638E /* panic.c */,
				3B13CF641C4A534700A1EF06 /* error.c */,
			);
			name = stdlib;
			sourceTree = "<group>";
		};
		3B8B14E21C1DE69D0003638E /* time */ = {
			isa = PBXGroup;
			children = (
				3B8B14E91C1DE6D60003638E /* time.c */,
			);
			name = time;
			sourceTree = "<group>";
		};
		3B8B14E31C1DE6A30003638E /* string */ = {
			isa = PBXGroup;
			children = (
				3B8B14EA1C1DE6E70003638E /* itoa.cpp */,
				3B8B14EB1C1DE6E70003638E /* memcmp.cpp */,
				3B8B14EC1C1DE6E70003638E /* memcpy.cpp */,
				3B8B14ED1C1DE6E70003638E /* memmove.cpp */,
				3B8B14EE1C1DE6E70003638E /* memset.cpp */,
				3B8B14EF1C1DE6E70003638E /* strcmp.cpp */,
				3B8B14F01C1DE6E70003638E /* strlen.cpp */,
			);
			name = string;
			sourceTree = "<group>";
		};
		3B8B14E41C1DE6AC0003638E /* arch */ = {
			isa = PBXGroup;
			children = (
				3B8B14F11C1DE6F40003638E /* i386 */,
			);
			name = arch;
			sourceTree = "<group>";
		};
		3B8B14F11C1DE6F40003638E /* i386 */ = {
			isa = PBXGroup;
			children = (
				3B8B14F21C1DE7100003638E /* make.config */,
			);
			name = i386;
			sourceTree = "<group>";
		};
		3B8B14F31C1DE74A0003638E /* kernel */ = {
			isa = PBXGroup;
			children = (
				3B8B14F71C1DE7720003638E /* kernel */,
				3BAF96431C6E472D00B3B459 /* modules */,
				3B8B14F61C1DE76D0003638E /* include */,
				3B8B14F51C1DE7680003638E /* arch */,
				3B8B14F41C1DE75A0003638E /* Makefile */,
			);
			name = kernel;
			sourceTree = "<group>";
		};
		3B8B14F51C1DE7680003638E /* arch */ = {
			isa = PBXGroup;
			children = (
				3B8B15011C1DE7C00003638E /* i386 */,
			);
			name = arch;
			sourceTree = "<group>";
		};
		3B8B14F61C1DE76D0003638E /* include */ = {
			isa = PBXGroup;
			children = (
				3B8B14FB1C1DE78D0003638E /* kernel */,
				3B8B14F91C1DE78A0003638E /* command.h */,
				3B8B14FA1C1DE78A0003638E /* version.h */,
				3BAF96461C6E47CB00B3B459 /* PS2Controller.h */,
			);
			name = include;
			sourceTree = "<group>";
		};
		3B8B14F71C1DE7720003638E /* kernel */ = {
			isa = PBXGroup;
			children = (
				3B8B14F81C1DE77E0003638E /* kernel.c */,
				3B72518F1C20A0B9009560FE /* command.c */,
			);
			name = kernel;
			sourceTree = "<group>";
		};
		3B8B14FB1C1DE78D0003638E /* kernel */ = {
			isa = PBXGroup;
			children = (
				3B8B14FF1C1DE7A50003638E /* arch */,
				3B8B14FC1C1DE7A20003638E /* interrupts.h */,
				3B8B14FD1C1DE7A20003638E /* tty.h */,
				3B8B14FE1C1DE7A20003638E /* vga.h */,
			);
			name = kernel;
			sourceTree = "<group>";
		};
		3B8B14FF1C1DE7A50003638E /* arch */ = {
			isa = PBXGroup;
			children = (
				3B8B15001C1DE7B20003638E /* arch.h */,
				3B79B8A41C21C21500F329CE /* pic.h */,
			);
			name = arch;
			sourceTree = "<group>";
		};
		3B8B15011C1DE7C00003638E /* i386 */ = {
			isa = PBXGroup;
			children = (
				3B8B15021C1DE7CD0003638E /* arch.c */,
				3B8B15031C1DE7CD0003638E /* boot.S */,
				3B8B15041C1DE7CD0003638E /* crti.S */,
				3B8B15051C1DE7CD0003638E /* crtn.S */,
				3B8B15061C1DE7CD0003638E /* linker.ld */,
				3B8B15071C1DE7CD0003638E /* make.config */,
				3B8B15081C1DE7CD0003638E /* tty.c */,
				3B79B8A51C21C32800F329CE /* pic.c */,
			);
			name = i386;
			sourceTree = "<group>";
		};
		3B8B15091C1DE7FF0003638E /* Scripts */ = {
			isa = PBXGroup;
			children = (
				3B8B150A1C1DE91F0003638E /* build.sh */,
				3B8B150B1C1DE91F0003638E /* clean.sh */,
				3B8B150C1C1DE91F0003638E /* config.sh */,
				3B8B150D1C1DE91F0003638E /* default-host.sh */,
				3B8B150E1C1DE91F0003638E /* headers.sh */,
				3B8B150F1C1DE91F0003638E /* iso.sh */,
				3B8B15101C1DE91F0003638E /* qemu.sh */,
				3B8B15111C1DE91F0003638E /* target-triplet-to-arch.sh */,
			);
			name = Scripts;
			sourceTree = "<group>";
		};
		3B8B15121C1DE9230003638E /* Readme */ = {
			isa = PBXGroup;
			children = (
				3B8B15131C1DE92E0003638E /* README.md */,
			);
			name = Readme;
			sourceTree = "<group>";
		};
		3B8B15141C1DE9390003638E /* Product */ = {
			isa = PBXGroup;
			children = (
				3B8B15161C1DE9490003638E /* boot */,
				3B8B15151C1DE9450003638E /* BetaOS.iso */,
			);
			name = Product;
			sourceTree = "<group>";
		};
		3B8B15161C1DE9490003638E /* boot */ = {
			isa = PBXGroup;
			children = (
				3B8B15181C1DE9570003638E /* grub */,
				3B8B15171C1DE9520003638E /* BetaOS.kernel */,
			);
			name = boot;
			sourceTree = "<group>";
		};
		3B8B15181C1DE9570003638E /* grub */ = {
			isa = PBXGroup;
			children = (
				3B8B15191C1DE9600003638E /* grub.cfg */,
			);
			name = grub;
			sourceTree = "<group>";
		};
		3BAF96431C6E472D00B3B459 /* modules */ = {
			isa = PBXGroup;
			children = (
				3BAF96441C6E479900B3B459 /* PS2Controller.c */,
			);
			name = modules;
			sourceTree = "<group>";
		};
/* End PBXGroup section */

/* Begin PBXLegacyTarget section */
		3B8B14D11C1DE5420003638E /* BetaOS */ = {
			isa = PBXLegacyTarget;
			buildArgumentsString = "$(ACTION)";
			buildConfigurationList = 3B8B14D41C1DE5420003638E /* Build configuration list for PBXLegacyTarget "BetaOS" */;
			buildPhases = (
			);
			buildToolPath = ./iso.sh;
			buildWorkingDirectory = "";
			dependencies = (
			);
			name = BetaOS;
			passBuildSettingsInEnvironment = 1;
			productName = OS;
		};
/* End PBXLegacyTarget section */

/* Begin PBXNativeTarget section */
		3B7DD8671C57B6B800F3B86A /* BetaOS-doc */ = {
			isa = PBXNativeTarget;
			buildConfigurationList = 3B7DD86F1C57B6B800F3B86A /* Build configuration list for PBXNativeTarget "BetaOS-doc" */;
			buildPhases = (
				3B7DD8641C57B6B800F3B86A /* Sources */,
				3B7DD8651C57B6B800F3B86A /* Frameworks */,
				3B7DD8661C57B6B800F3B86A /* CopyFiles */,
			);
			buildRules = (
			);
			dependencies = (
			);
			name = "BetaOS-doc";
			productName = "OS-doc";
			productType = "com.apple.product-type.tool";
		};
/* End PBXNativeTarget section */

/* Begin PBXProject section */
		3B8B14CD1C1DE5420003638E /* Project object */ = {
			isa = PBXProject;
			attributes = {
				LastUpgradeCheck = 0720;
				ORGANIZATIONNAME = "Adam Kopeć";
				TargetAttributes = {
					3B7DD8671C57B6B800F3B86A = {
						CreatedOnToolsVersion = 7.2;
					};
					3B8B14D11C1DE5420003638E = {
						CreatedOnToolsVersion = 7.2;
					};
				};
			};
			buildConfigurationList = 3B8B14D01C1DE5420003638E /* Build configuration list for PBXProject "BetaOS" */;
			compatibilityVersion = "Xcode 3.2";
			developmentRegion = English;
			hasScannedForEncodings = 0;
			knownRegions = (
				en,
			);
			mainGroup = 3B8B14CC1C1DE5420003638E;
			productRefGroup = 3B8B14CC1C1DE5420003638E;
			projectDirPath = "";
			projectRoot = "";
			targets = (
				3B8B14D11C1DE5420003638E /* BetaOS */,
				3B7DD8671C57B6B800F3B86A /* BetaOS-doc */,
			);
		};
/* End PBXProject section */

/* Begin PBXSourcesBuildPhase section */
		3B7DD8641C57B6B800F3B86A /* Sources */ = {
			isa = PBXSourcesBuildPhase;
			buildActionMask = 2147483647;
			files = (
				3BAF96471C6E565A00B3B459 /* PS2Controller.h in Sources */,
				3B460C621C6A455900213C64 /* getchar.c in Sources */,
				3B7DD8901C57B76B00F3B86A /* time.c in Sources */,
				3B7DD88F1C57B76700F3B86A /* strlen.cpp in Sources */,
				3B7DD88E1C57B76500F3B86A /* strcmp.cpp in Sources */,
				3B7DD88D1C57B76100F3B86A /* memset.cpp in Sources */,
				3B7DD88C1C57B75E00F3B86A /* memcpy.cpp in Sources */,
				3B7DD88B1C57B75B00F3B86A /* memmove.cpp in Sources */,
				3B7DD88A1C57B75700F3B86A /* memcmp.cpp in Sources */,
				3B93C6CE1C70909E0050C8BF /* gets.c in Sources */,
				3B7DD8891C57B75400F3B86A /* itoa.cpp in Sources */,
				3BAF96451C6E479900B3B459 /* PS2Controller.c in Sources */,
				3B7DD8881C57B75000F3B86A /* error.c in Sources */,
				3B7DD8871C57B74D00F3B86A /* panic.c in Sources */,
				3B7DD8861C57B74900F3B86A /* puts.c in Sources */,
				3B7DD8851C57B74600F3B86A /* putchar.c in Sources */,
				3B7DD8841C57B74300F3B86A /* printf.cpp in Sources */,
				3B7DD8831C57B73E00F3B86A /* cdefs.h in Sources */,
				3B7DD8821C57B73900F3B86A /* time.h in Sources */,
				3B7DD8811C57B73700F3B86A /* string.h in Sources */,
				3B7DD8801C57B73300F3B86A /* stdlib.h in Sources */,
				3B7DD87F1C57B73100F3B86A /* stdio.h in Sources */,
				3B7DD8701C57B6F700F3B86A /* kernel.c in Sources */,
				3B7DD8711C57B6F900F3B86A /* command.c in Sources */,
				3B7DD8721C57B70200F3B86A /* version.h in Sources */,
				3B7DD8731C57B70500F3B86A /* command.h in Sources */,
				3B7DD8741C57B70700F3B86A /* vga.h in Sources */,
				3B7DD8751C57B70B00F3B86A /* tty.h in Sources */,
				3B7DD8761C57B70E00F3B86A /* interrupts.h in Sources */,
				3B7DD8771C57B71200F3B86A /* arch.h in Sources */,
				3B7DD8781C57B71400F3B86A /* pic.h in Sources */,
				3B7DD8791C57B71D00F3B86A /* arch.c in Sources */,
				3B7DD87A1C57B72000F3B86A /* boot.S in Sources */,
				3B7DD87B1C57B72300F3B86A /* crti.S in Sources */,
				3B7DD87C1C57B72500F3B86A /* crtn.S in Sources */,
				3B7DD87D1C57B72800F3B86A /* tty.c in Sources */,
				3B7DD87E1C57B72A00F3B86A /* pic.c in Sources */,
			);
			runOnlyForDeploymentPostprocessing = 0;
		};
/* End PBXSourcesBuildPhase section */

/* Begin XCBuildConfiguration section */
		3B7DD86D1C57B6B800F3B86A /* Debug */ = {
			isa = XCBuildConfiguration;
			buildSettings = {
				CODE_SIGN_IDENTITY = "-";
				HEADER_SEARCH_PATHS = (
					"${PROJECT_DIR}/libc/include",
					"${PROJECT_DIR}/kernel/include",
				);
				MACOSX_DEPLOYMENT_TARGET = 10.11;
				PRODUCT_NAME = BetaOS;
				SDKROOT = macosx;
			};
			name = Debug;
		};
		3B7DD86E1C57B6B800F3B86A /* Release */ = {
			isa = XCBuildConfiguration;
			buildSettings = {
				CODE_SIGN_IDENTITY = "-";
				HEADER_SEARCH_PATHS = (
					"${PROJECT_DIR}/libc/include",
					"${PROJECT_DIR}/kernel/include",
				);
				MACOSX_DEPLOYMENT_TARGET = 10.11;
				PRODUCT_NAME = BetaOS;
				SDKROOT = macosx;
			};
			name = Release;
		};
		3B8B14D21C1DE5420003638E /* Debug */ = {
			isa = XCBuildConfiguration;
			buildSettings = {
				ALWAYS_SEARCH_USER_PATHS = NO;
				CLANG_CXX_LANGUAGE_STANDARD = "gnu++0x";
				CLANG_CXX_LIBRARY = "libc++";
				CLANG_ENABLE_MODULES = YES;
				CLANG_ENABLE_OBJC_ARC = YES;
				CLANG_WARN_BOOL_CONVERSION = YES;
				CLANG_WARN_CONSTANT_CONVERSION = YES;
				CLANG_WARN_DIRECT_OBJC_ISA_USAGE = YES_ERROR;
				CLANG_WARN_EMPTY_BODY = YES;
				CLANG_WARN_ENUM_CONVERSION = YES;
				CLANG_WARN_INT_CONVERSION = YES;
				CLANG_WARN_OBJC_ROOT_CLASS = YES_ERROR;
				CLANG_WARN_UNREACHABLE_CODE = YES;
				CLANG_WARN__DUPLICATE_METHOD_MATCH = YES;
				COPY_PHASE_STRIP = NO;
				DEBUG_INFORMATION_FORMAT = dwarf;
				ENABLE_STRICT_OBJC_MSGSEND = YES;
				ENABLE_TESTABILITY = YES;
				GCC_C_LANGUAGE_STANDARD = gnu99;
				GCC_DYNAMIC_NO_PIC = NO;
				GCC_NO_COMMON_BLOCKS = YES;
				GCC_OPTIMIZATION_LEVEL = 0;
				GCC_PREPROCESSOR_DEFINITIONS = (
					"DEBUG=1",
					"$(inherited)",
				);
				GCC_WARN_64_TO_32_BIT_CONVERSION = YES;
				GCC_WARN_ABOUT_RETURN_TYPE = YES_ERROR;
				GCC_WARN_UNDECLARED_SELECTOR = YES;
				GCC_WARN_UNINITIALIZED_AUTOS = YES_AGGRESSIVE;
				GCC_WARN_UNUSED_FUNCTION = YES;
				GCC_WARN_UNUSED_VARIABLE = YES;
				MTL_ENABLE_DEBUG_INFO = YES;
				ONLY_ACTIVE_ARCH = YES;
			};
			name = Debug;
		};
		3B8B14D31C1DE5420003638E /* Release */ = {
			isa = XCBuildConfiguration;
			buildSettings = {
				ALWAYS_SEARCH_USER_PATHS = NO;
				CLANG_CXX_LANGUAGE_STANDARD = "gnu++0x";
				CLANG_CXX_LIBRARY = "libc++";
				CLANG_ENABLE_MODULES = YES;
				CLANG_ENABLE_OBJC_ARC = YES;
				CLANG_WARN_BOOL_CONVERSION = YES;
				CLANG_WARN_CONSTANT_CONVERSION = YES;
				CLANG_WARN_DIRECT_OBJC_ISA_USAGE = YES_ERROR;
				CLANG_WARN_EMPTY_BODY = YES;
				CLANG_WARN_ENUM_CONVERSION = YES;
				CLANG_WARN_INT_CONVERSION = YES;
				CLANG_WARN_OBJC_ROOT_CLASS = YES_ERROR;
				CLANG_WARN_UNREACHABLE_CODE = YES;
				CLANG_WARN__DUPLICATE_METHOD_MATCH = YES;
				COPY_PHASE_STRIP = NO;
				DEBUG_INFORMATION_FORMAT = "dwarf-with-dsym";
				ENABLE_NS_ASSERTIONS = NO;
				ENABLE_STRICT_OBJC_MSGSEND = YES;
				GCC_C_LANGUAGE_STANDARD = gnu99;
				GCC_NO_COMMON_BLOCKS = YES;
				GCC_WARN_64_TO_32_BIT_CONVERSION = YES;
				GCC_WARN_ABOUT_RETURN_TYPE = YES_ERROR;
				GCC_WARN_UNDECLARED_SELECTOR = YES;
				GCC_WARN_UNINITIALIZED_AUTOS = YES_AGGRESSIVE;
				GCC_WARN_UNUSED_FUNCTION = YES;
				GCC_WARN_UNUSED_VARIABLE = YES;
				MTL_ENABLE_DEBUG_INFO = NO;
			};
			name = Release;
		};
		3B8B14D51C1DE5420003638E /* Debug */ = {
			isa = XCBuildConfiguration;
			buildSettings = {
				DEBUGGING_SYMBOLS = YES;
				DEBUG_INFORMATION_FORMAT = dwarf;
				GCC_GENERATE_DEBUGGING_SYMBOLS = YES;
				GCC_OPTIMIZATION_LEVEL = 0;
				OTHER_CFLAGS = "";
				OTHER_LDFLAGS = "";
				PRODUCT_NAME = BetaOS;
			};
			name = Debug;
		};
		3B8B14D61C1DE5420003638E /* Release */ = {
			isa = XCBuildConfiguration;
			buildSettings = {
				DEBUG_INFORMATION_FORMAT = "dwarf-with-dsym";
				OTHER_CFLAGS = "";
				OTHER_LDFLAGS = "";
				PRODUCT_NAME = BetaOS;
			};
			name = Release;
		};
/* End XCBuildConfiguration section */

/* Begin XCConfigurationList section */
		3B7DD86F1C57B6B800F3B86A /* Build configuration list for PBXNativeTarget "BetaOS-doc" */ = {
			isa = XCConfigurationList;
			buildConfigurations = (
				3B7DD86D1C57B6B800F3B86A /* Debug */,
				3B7DD86E1C57B6B800F3B86A /* Release */,
			);
			defaultConfigurationIsVisible = 0;
			defaultConfigurationName = Release;
		};
		3B8B14D01C1DE5420003638E /* Build configuration list for PBXProject "BetaOS" */ = {
			isa = XCConfigurationList;
			buildConfigurations = (
				3B8B14D21C1DE5420003638E /* Debug */,
				3B8B14D31C1DE5420003638E /* Release */,
			);
			defaultConfigurationIsVisible = 0;
			defaultConfigurationName = Release;
		};
		3B8B14D41C1DE5420003638E /* Build configuration list for PBXLegacyTarget "BetaOS" */ = {
			isa = XCConfigurationList;
			buildConfigurations = (
				3B8B14D51C1DE5420003638E /* Debug */,
				3B8B14D61C1DE5420003638E /* Release */,
			);
			defaultConfigurationIsVisible = 0;
			defaultConfigurationName = Release;
		};
/* End XCConfigurationList section */
	};
	rootObject = 3B8B14CD1C1DE5420003638E /* Project object */;
}
