// !$*UTF8*$!
{
	archiveVersion = 1;
	classes = {
	};
	objectVersion = 48;
	objects = {

/* Begin PBXBuildFile section */
		3B10465E1F47711B003B0CE5 /* UDP.cpp in Sources */ = {isa = PBXBuildFile; fileRef = 3B10465C1F47711B003B0CE5 /* UDP.cpp */; };
		3B10465F1F47711B003B0CE5 /* UDP.hpp in Headers */ = {isa = PBXBuildFile; fileRef = 3B10465D1F47711B003B0CE5 /* UDP.hpp */; };
		3B1046621F47712E003B0CE5 /* TCP.cpp in Sources */ = {isa = PBXBuildFile; fileRef = 3B1046601F47712E003B0CE5 /* TCP.cpp */; };
		3B1046631F47712E003B0CE5 /* TCP.hpp in Headers */ = {isa = PBXBuildFile; fileRef = 3B1046611F47712E003B0CE5 /* TCP.hpp */; };
		3B1046661F478DF5003B0CE5 /* Ethernet.cpp in Sources */ = {isa = PBXBuildFile; fileRef = 3B1046641F478DF5003B0CE5 /* Ethernet.cpp */; };
		3B1046671F478DF5003B0CE5 /* Ethernet.hpp in Headers */ = {isa = PBXBuildFile; fileRef = 3B1046651F478DF5003B0CE5 /* Ethernet.hpp */; };
		3B1F2B351F47664E007E395C /* DHCP.hpp in Headers */ = {isa = PBXBuildFile; fileRef = 3B1F2B331F47664E007E395C /* DHCP.hpp */; };
		3B1F2B381F47666B007E395C /* IPs.cpp in Sources */ = {isa = PBXBuildFile; fileRef = 3B1F2B361F47666B007E395C /* IPs.cpp */; };
		3B1F2B391F47666B007E395C /* IPs.hpp in Headers */ = {isa = PBXBuildFile; fileRef = 3B1F2B371F47666B007E395C /* IPs.hpp */; };
		3B1F2B3A1F476751007E395C /* DHCP.cpp in Sources */ = {isa = PBXBuildFile; fileRef = 3B1F2B321F47664E007E395C /* DHCP.cpp */; };
		3B4E19A81EE81F2200256BD0 /* OSRuntime.cpp in Sources */ = {isa = PBXBuildFile; fileRef = 3B4E19A61EE81F2200256BD0 /* OSRuntime.cpp */; };
		3B4E19A91EE81F2200256BD0 /* OSRuntime.hpp in Headers */ = {isa = PBXBuildFile; fileRef = 3B4E19A71EE81F2200256BD0 /* OSRuntime.hpp */; };
		3B4E19AE1EE8223D00256BD0 /* OSObject.cpp in Sources */ = {isa = PBXBuildFile; fileRef = 3B4E19AC1EE8223D00256BD0 /* OSObject.cpp */; };
		3B4E19AF1EE8223D00256BD0 /* OSObject.hpp in Headers */ = {isa = PBXBuildFile; fileRef = 3B4E19AD1EE8223D00256BD0 /* OSObject.hpp */; };
		3B5021B81F49D9D500BA8AF1 /* ARP.cpp in Sources */ = {isa = PBXBuildFile; fileRef = 3B5021B61F49D9D500BA8AF1 /* ARP.cpp */; };
		3B5021B91F49D9D500BA8AF1 /* ARP.hpp in Headers */ = {isa = PBXBuildFile; fileRef = 3B5021B71F49D9D500BA8AF1 /* ARP.hpp */; };
		3B7EF03D1F4B449F00FEB086 /* OSNetwork.cpp in Sources */ = {isa = PBXBuildFile; fileRef = 3B7EF03C1F4B449F00FEB086 /* OSNetwork.cpp */; };
		3B89C0CD1F45F63200F4920E /* OSNetwork.hpp in Headers */ = {isa = PBXBuildFile; fileRef = 3B89C0CB1F45F63200F4920E /* OSNetwork.hpp */; };
/* End PBXBuildFile section */

/* Begin PBXFileReference section */
		3B10465C1F47711B003B0CE5 /* UDP.cpp */ = {isa = PBXFileReference; lastKnownFileType = sourcecode.cpp.cpp; name = UDP.cpp; path = "Libc++/OSNetwork/UDP.cpp"; sourceTree = "<group>"; };
		3B10465D1F47711B003B0CE5 /* UDP.hpp */ = {isa = PBXFileReference; lastKnownFileType = sourcecode.cpp.h; name = UDP.hpp; path = "Libc++/OSNetwork/UDP.hpp"; sourceTree = "<group>"; };
		3B1046601F47712E003B0CE5 /* TCP.cpp */ = {isa = PBXFileReference; lastKnownFileType = sourcecode.cpp.cpp; name = TCP.cpp; path = "Libc++/OSNetwork/TCP.cpp"; sourceTree = "<group>"; };
		3B1046611F47712E003B0CE5 /* TCP.hpp */ = {isa = PBXFileReference; lastKnownFileType = sourcecode.cpp.h; name = TCP.hpp; path = "Libc++/OSNetwork/TCP.hpp"; sourceTree = "<group>"; };
		3B1046641F478DF5003B0CE5 /* Ethernet.cpp */ = {isa = PBXFileReference; lastKnownFileType = sourcecode.cpp.cpp; name = Ethernet.cpp; path = "Libc++/OSNetwork/Ethernet.cpp"; sourceTree = "<group>"; };
		3B1046651F478DF5003B0CE5 /* Ethernet.hpp */ = {isa = PBXFileReference; lastKnownFileType = sourcecode.cpp.h; name = Ethernet.hpp; path = "Libc++/OSNetwork/Ethernet.hpp"; sourceTree = "<group>"; };
		3B1F2B321F47664E007E395C /* DHCP.cpp */ = {isa = PBXFileReference; lastKnownFileType = sourcecode.cpp.cpp; name = DHCP.cpp; path = "Libc++/OSNetwork/DHCP.cpp"; sourceTree = "<group>"; };
		3B1F2B331F47664E007E395C /* DHCP.hpp */ = {isa = PBXFileReference; lastKnownFileType = sourcecode.cpp.h; name = DHCP.hpp; path = "Libc++/OSNetwork/DHCP.hpp"; sourceTree = "<group>"; };
		3B1F2B361F47666B007E395C /* IPs.cpp */ = {isa = PBXFileReference; lastKnownFileType = sourcecode.cpp.cpp; name = IPs.cpp; path = "Libc++/OSNetwork/IPs.cpp"; sourceTree = "<group>"; };
		3B1F2B371F47666B007E395C /* IPs.hpp */ = {isa = PBXFileReference; lastKnownFileType = sourcecode.cpp.h; name = IPs.hpp; path = "Libc++/OSNetwork/IPs.hpp"; sourceTree = "<group>"; };
		3B4E199A1EE81E9700256BD0 /* libc++.a */ = {isa = PBXFileReference; explicitFileType = archive.ar; includeInIndex = 0; path = "libc++.a"; sourceTree = BUILT_PRODUCTS_DIR; };
		3B4E19A61EE81F2200256BD0 /* OSRuntime.cpp */ = {isa = PBXFileReference; fileEncoding = 4; lastKnownFileType = sourcecode.cpp.cpp; name = OSRuntime.cpp; path = "Libc++/OSRuntime.cpp"; sourceTree = "<group>"; };
		3B4E19A71EE81F2200256BD0 /* OSRuntime.hpp */ = {isa = PBXFileReference; fileEncoding = 4; lastKnownFileType = sourcecode.cpp.h; name = OSRuntime.hpp; path = "Libc++/OSRuntime.hpp"; sourceTree = "<group>"; };
		3B4E19AC1EE8223D00256BD0 /* OSObject.cpp */ = {isa = PBXFileReference; fileEncoding = 4; lastKnownFileType = sourcecode.cpp.cpp; name = OSObject.cpp; path = "Libc++/OSObject.cpp"; sourceTree = "<group>"; };
		3B4E19AD1EE8223D00256BD0 /* OSObject.hpp */ = {isa = PBXFileReference; fileEncoding = 4; lastKnownFileType = sourcecode.cpp.h; name = OSObject.hpp; path = "Libc++/OSObject.hpp"; sourceTree = "<group>"; };
		3B5021B61F49D9D500BA8AF1 /* ARP.cpp */ = {isa = PBXFileReference; lastKnownFileType = sourcecode.cpp.cpp; name = ARP.cpp; path = "Libc++/OSNetwork/ARP.cpp"; sourceTree = "<group>"; };
		3B5021B71F49D9D500BA8AF1 /* ARP.hpp */ = {isa = PBXFileReference; lastKnownFileType = sourcecode.cpp.h; name = ARP.hpp; path = "Libc++/OSNetwork/ARP.hpp"; sourceTree = "<group>"; };
		3B5098971FB11B8800B9A90A /* libkern.h */ = {isa = PBXFileReference; lastKnownFileType = sourcecode.c.h; name = libkern.h; path = "Libc++/libkern/libkern.h"; sourceTree = "<group>"; };
		3B7EF03C1F4B449F00FEB086 /* OSNetwork.cpp */ = {isa = PBXFileReference; lastKnownFileType = sourcecode.cpp.cpp; name = OSNetwork.cpp; path = "Libc++/OSNetwork/OSNetwork.cpp"; sourceTree = "<group>"; };
		3B89C0CB1F45F63200F4920E /* OSNetwork.hpp */ = {isa = PBXFileReference; lastKnownFileType = sourcecode.cpp.h; name = OSNetwork.hpp; path = "Libc++/OSNetwork.hpp"; sourceTree = "<group>"; };
/* End PBXFileReference section */

/* Begin PBXFrameworksBuildPhase section */
		3B4E19971EE81E9700256BD0 /* Frameworks */ = {
			isa = PBXFrameworksBuildPhase;
			buildActionMask = 2147483647;
			files = (
			);
			runOnlyForDeploymentPostprocessing = 0;
		};
/* End PBXFrameworksBuildPhase section */

/* Begin PBXGroup section */
		3B1F2B311F4765EA007E395C /* OSNetwork */ = {
			isa = PBXGroup;
			children = (
				3B89C0CB1F45F63200F4920E /* OSNetwork.hpp */,
				3B7EF03C1F4B449F00FEB086 /* OSNetwork.cpp */,
				3B1F2B331F47664E007E395C /* DHCP.hpp */,
				3B1F2B321F47664E007E395C /* DHCP.cpp */,
				3B1F2B371F47666B007E395C /* IPs.hpp */,
				3B1F2B361F47666B007E395C /* IPs.cpp */,
				3B5021B71F49D9D500BA8AF1 /* ARP.hpp */,
				3B5021B61F49D9D500BA8AF1 /* ARP.cpp */,
				3B10465D1F47711B003B0CE5 /* UDP.hpp */,
				3B10465C1F47711B003B0CE5 /* UDP.cpp */,
				3B1046611F47712E003B0CE5 /* TCP.hpp */,
				3B1046601F47712E003B0CE5 /* TCP.cpp */,
				3B1046651F478DF5003B0CE5 /* Ethernet.hpp */,
				3B1046641F478DF5003B0CE5 /* Ethernet.cpp */,
			);
			name = OSNetwork;
			sourceTree = "<group>";
		};
		3B4E19911EE81E9700256BD0 = {
			isa = PBXGroup;
			children = (
				3B4E19A11EE81EC900256BD0 /* Libc++ */,
				3B4E199B1EE81E9700256BD0 /* Products */,
			);
			sourceTree = "<group>";
		};
		3B4E199B1EE81E9700256BD0 /* Products */ = {
			isa = PBXGroup;
			children = (
				3B4E199A1EE81E9700256BD0 /* libc++.a */,
			);
			name = Products;
			sourceTree = "<group>";
		};
		3B4E19A11EE81EC900256BD0 /* Libc++ */ = {
			isa = PBXGroup;
			children = (
				3B4E19AD1EE8223D00256BD0 /* OSObject.hpp */,
				3B4E19AC1EE8223D00256BD0 /* OSObject.cpp */,
				3B4E19A71EE81F2200256BD0 /* OSRuntime.hpp */,
				3B4E19A61EE81F2200256BD0 /* OSRuntime.cpp */,
				3B1F2B311F4765EA007E395C /* OSNetwork */,
				3B5098971FB11B8800B9A90A /* libkern.h */,
			);
			name = "Libc++";
			sourceTree = "<group>";
		};
/* End PBXGroup section */

/* Begin PBXHeadersBuildPhase section */
		3B4E19981EE81E9700256BD0 /* Headers */ = {
			isa = PBXHeadersBuildPhase;
			buildActionMask = 2147483647;
			files = (
				3B10465F1F47711B003B0CE5 /* UDP.hpp in Headers */,
				3B1046671F478DF5003B0CE5 /* Ethernet.hpp in Headers */,
				3B4E19A91EE81F2200256BD0 /* OSRuntime.hpp in Headers */,
				3B5021B91F49D9D500BA8AF1 /* ARP.hpp in Headers */,
				3B1046631F47712E003B0CE5 /* TCP.hpp in Headers */,
				3B1F2B351F47664E007E395C /* DHCP.hpp in Headers */,
				3B4E19AF1EE8223D00256BD0 /* OSObject.hpp in Headers */,
				3B1F2B391F47666B007E395C /* IPs.hpp in Headers */,
				3B89C0CD1F45F63200F4920E /* OSNetwork.hpp in Headers */,
			);
			runOnlyForDeploymentPostprocessing = 0;
		};
/* End PBXHeadersBuildPhase section */

/* Begin PBXNativeTarget section */
		3B4E19991EE81E9700256BD0 /* Libc++ */ = {
			isa = PBXNativeTarget;
			buildConfigurationList = 3B4E199E1EE81E9700256BD0 /* Build configuration list for PBXNativeTarget "Libc++" */;
			buildPhases = (
				3B4E19961EE81E9700256BD0 /* Sources */,
				3B4E19971EE81E9700256BD0 /* Frameworks */,
				3B4E19981EE81E9700256BD0 /* Headers */,
			);
			buildRules = (
			);
			dependencies = (
			);
			name = "Libc++";
			productName = "Libc++";
			productReference = 3B4E199A1EE81E9700256BD0 /* libc++.a */;
			productType = "com.apple.product-type.library.static";
		};
/* End PBXNativeTarget section */

/* Begin PBXProject section */
		3B4E19921EE81E9700256BD0 /* Project object */ = {
			isa = PBXProject;
			attributes = {
				LastUpgradeCheck = 0900;
				ORGANIZATIONNAME = "Adam Kopeć";
				TargetAttributes = {
					3B4E19991EE81E9700256BD0 = {
						CreatedOnToolsVersion = 8.3.2;
						DevelopmentTeam = S73MBXSV7H;
						ProvisioningStyle = Automatic;
					};
				};
			};
			buildConfigurationList = 3B4E19951EE81E9700256BD0 /* Build configuration list for PBXProject "Libc++" */;
			compatibilityVersion = "Xcode 8.0";
			developmentRegion = English;
			hasScannedForEncodings = 0;
			knownRegions = (
				en,
			);
			mainGroup = 3B4E19911EE81E9700256BD0;
			productRefGroup = 3B4E199B1EE81E9700256BD0 /* Products */;
			projectDirPath = "";
			projectRoot = "";
			targets = (
				3B4E19991EE81E9700256BD0 /* Libc++ */,
			);
		};
/* End PBXProject section */

/* Begin PBXSourcesBuildPhase section */
		3B4E19961EE81E9700256BD0 /* Sources */ = {
			isa = PBXSourcesBuildPhase;
			buildActionMask = 2147483647;
			files = (
				3B4E19AE1EE8223D00256BD0 /* OSObject.cpp in Sources */,
				3B4E19A81EE81F2200256BD0 /* OSRuntime.cpp in Sources */,
				3B7EF03D1F4B449F00FEB086 /* OSNetwork.cpp in Sources */,
				3B1F2B381F47666B007E395C /* IPs.cpp in Sources */,
				3B10465E1F47711B003B0CE5 /* UDP.cpp in Sources */,
				3B1046661F478DF5003B0CE5 /* Ethernet.cpp in Sources */,
				3B5021B81F49D9D500BA8AF1 /* ARP.cpp in Sources */,
				3B1046621F47712E003B0CE5 /* TCP.cpp in Sources */,
				3B1F2B3A1F476751007E395C /* DHCP.cpp in Sources */,
			);
			runOnlyForDeploymentPostprocessing = 0;
		};
/* End PBXSourcesBuildPhase section */

/* Begin XCBuildConfiguration section */
		3B4E199C1EE81E9700256BD0 /* Debug */ = {
			isa = XCBuildConfiguration;
			buildSettings = {
				ALWAYS_SEARCH_USER_PATHS = NO;
				CLANG_ANALYZER_NONNULL = YES;
				CLANG_ANALYZER_NUMBER_OBJECT_CONVERSION = YES_AGGRESSIVE;
				CLANG_CXX_LANGUAGE_STANDARD = "c++14";
				CLANG_CXX_LIBRARY = "libc++";
				CLANG_ENABLE_MODULES = YES;
				CLANG_ENABLE_OBJC_ARC = YES;
				CLANG_WARN_BLOCK_CAPTURE_AUTORELEASING = YES;
				CLANG_WARN_BOOL_CONVERSION = YES;
				CLANG_WARN_COMMA = YES;
				CLANG_WARN_CONSTANT_CONVERSION = YES;
				CLANG_WARN_DIRECT_OBJC_ISA_USAGE = YES_ERROR;
				CLANG_WARN_DOCUMENTATION_COMMENTS = YES;
				CLANG_WARN_EMPTY_BODY = YES;
				CLANG_WARN_ENUM_CONVERSION = YES;
				CLANG_WARN_INFINITE_RECURSION = YES;
				CLANG_WARN_INT_CONVERSION = YES;
				CLANG_WARN_NON_LITERAL_NULL_CONVERSION = YES;
				CLANG_WARN_OBJC_LITERAL_CONVERSION = YES;
				CLANG_WARN_OBJC_ROOT_CLASS = YES_ERROR;
				CLANG_WARN_RANGE_LOOP_ANALYSIS = YES;
				CLANG_WARN_STRICT_PROTOTYPES = YES;
				CLANG_WARN_SUSPICIOUS_MOVE = YES;
				CLANG_WARN_UNREACHABLE_CODE = YES;
				CLANG_WARN__DUPLICATE_METHOD_MATCH = YES;
				CODE_SIGN_IDENTITY = "-";
				COPY_PHASE_STRIP = NO;
				DEBUG_INFORMATION_FORMAT = dwarf;
				ENABLE_STRICT_OBJC_MSGSEND = YES;
				ENABLE_TESTABILITY = YES;
				GCC_CHAR_IS_UNSIGNED_CHAR = YES;
				GCC_C_LANGUAGE_STANDARD = c99;
				GCC_DYNAMIC_NO_PIC = NO;
				GCC_NO_COMMON_BLOCKS = YES;
				GCC_PREPROCESSOR_DEFINITIONS = (
					"DEBUG=1",
					"$(inherited)",
				);
				GCC_WARN_64_TO_32_BIT_CONVERSION = YES;
				GCC_WARN_ABOUT_RETURN_TYPE = YES_ERROR;
				GCC_WARN_UNDECLARED_SELECTOR = YES;
				GCC_WARN_UNINITIALIZED_AUTOS = YES_AGGRESSIVE;
				GCC_WARN_UNUSED_FUNCTION = YES;
				GCC_WARN_UNUSED_VARIABLE = YES;
				MTL_ENABLE_DEBUG_INFO = YES;
				ONLY_ACTIVE_ARCH = YES;
				SDKROOT = macosx;
			};
			name = Debug;
		};
		3B4E199D1EE81E9700256BD0 /* Release */ = {
			isa = XCBuildConfiguration;
			buildSettings = {
				ALWAYS_SEARCH_USER_PATHS = NO;
				CLANG_ANALYZER_NONNULL = YES;
				CLANG_ANALYZER_NUMBER_OBJECT_CONVERSION = YES_AGGRESSIVE;
				CLANG_CXX_LANGUAGE_STANDARD = "c++14";
				CLANG_CXX_LIBRARY = "libc++";
				CLANG_ENABLE_MODULES = YES;
				CLANG_ENABLE_OBJC_ARC = YES;
				CLANG_WARN_BLOCK_CAPTURE_AUTORELEASING = YES;
				CLANG_WARN_BOOL_CONVERSION = YES;
				CLANG_WARN_COMMA = YES;
				CLANG_WARN_CONSTANT_CONVERSION = YES;
				CLANG_WARN_DIRECT_OBJC_ISA_USAGE = YES_ERROR;
				CLANG_WARN_DOCUMENTATION_COMMENTS = YES;
				CLANG_WARN_EMPTY_BODY = YES;
				CLANG_WARN_ENUM_CONVERSION = YES;
				CLANG_WARN_INFINITE_RECURSION = YES;
				CLANG_WARN_INT_CONVERSION = YES;
				CLANG_WARN_NON_LITERAL_NULL_CONVERSION = YES;
				CLANG_WARN_OBJC_LITERAL_CONVERSION = YES;
				CLANG_WARN_OBJC_ROOT_CLASS = YES_ERROR;
				CLANG_WARN_RANGE_LOOP_ANALYSIS = YES;
				CLANG_WARN_STRICT_PROTOTYPES = YES;
				CLANG_WARN_SUSPICIOUS_MOVE = YES;
				CLANG_WARN_UNREACHABLE_CODE = YES;
				CLANG_WARN__DUPLICATE_METHOD_MATCH = YES;
				CODE_SIGN_IDENTITY = "-";
				COPY_PHASE_STRIP = NO;
				DEBUG_INFORMATION_FORMAT = "dwarf-with-dsym";
				ENABLE_NS_ASSERTIONS = NO;
				ENABLE_STRICT_OBJC_MSGSEND = YES;
				GCC_CHAR_IS_UNSIGNED_CHAR = YES;
				GCC_C_LANGUAGE_STANDARD = c99;
				GCC_NO_COMMON_BLOCKS = YES;
				GCC_WARN_64_TO_32_BIT_CONVERSION = YES;
				GCC_WARN_ABOUT_RETURN_TYPE = YES_ERROR;
				GCC_WARN_UNDECLARED_SELECTOR = YES;
				GCC_WARN_UNINITIALIZED_AUTOS = YES_AGGRESSIVE;
				GCC_WARN_UNUSED_FUNCTION = YES;
				GCC_WARN_UNUSED_VARIABLE = YES;
				MTL_ENABLE_DEBUG_INFO = NO;
				SDKROOT = macosx;
			};
			name = Release;
		};
		3B4E199F1EE81E9700256BD0 /* Debug */ = {
			isa = XCBuildConfiguration;
			buildSettings = {
				CLANG_ALLOW_NON_MODULAR_INCLUDES_IN_FRAMEWORK_MODULES = YES;
				CODE_SIGN_IDENTITY = "Mac Developer";
				DEVELOPMENT_TEAM = S73MBXSV7H;
				EXECUTABLE_PREFIX = lib;
				GCC_PREPROCESSOR_DEFINITIONS = (
					"DEBUG=1",
					KERNEL,
					__LP64__,
					__x86_64__,
					"KERNEL_BASE_OFFSET=0x1000",
					"BUILD_TYPE=\"\\\"Internal\\\"\"",
				);
				HEADER_SEARCH_PATHS = (
					"$(PROJECT_DIR)/../Kernel/Kernel",
					"$(PROJECT_DIR)/Libc++",
					"\"$(SRCROOT)/../Kernel\"",
				);
				OTHER_CFLAGS = "-mkernel";
				PRODUCT_NAME = "c++";
			};
			name = Debug;
		};
		3B4E19A01EE81E9700256BD0 /* Release */ = {
			isa = XCBuildConfiguration;
			buildSettings = {
				CLANG_ALLOW_NON_MODULAR_INCLUDES_IN_FRAMEWORK_MODULES = YES;
				CODE_SIGN_IDENTITY = "Mac Developer";
				DEVELOPMENT_TEAM = S73MBXSV7H;
				EXECUTABLE_PREFIX = lib;
				GCC_PREPROCESSOR_DEFINITIONS = (
					KERNEL,
					__LP64__,
					__x86_64__,
					"KERNEL_BASE_OFFSET=0x1000",
					"BUILD_TYPE=\"\\\"Release\\\"\"",
				);
				HEADER_SEARCH_PATHS = (
					"$(PROJECT_DIR)/../Kernel/Kernel",
					"$(PROJECT_DIR)/Libc++",
					"\"$(SRCROOT)/../Kernel\"",
				);
				OTHER_CFLAGS = "-mkernel";
				PRODUCT_NAME = "c++";
			};
			name = Release;
		};
/* End XCBuildConfiguration section */

/* Begin XCConfigurationList section */
		3B4E19951EE81E9700256BD0 /* Build configuration list for PBXProject "Libc++" */ = {
			isa = XCConfigurationList;
			buildConfigurations = (
				3B4E199C1EE81E9700256BD0 /* Debug */,
				3B4E199D1EE81E9700256BD0 /* Release */,
			);
			defaultConfigurationIsVisible = 0;
			defaultConfigurationName = Release;
		};
		3B4E199E1EE81E9700256BD0 /* Build configuration list for PBXNativeTarget "Libc++" */ = {
			isa = XCConfigurationList;
			buildConfigurations = (
				3B4E199F1EE81E9700256BD0 /* Debug */,
				3B4E19A01EE81E9700256BD0 /* Release */,
			);
			defaultConfigurationIsVisible = 0;
			defaultConfigurationName = Release;
		};
/* End XCConfigurationList section */
	};
	rootObject = 3B4E19921EE81E9700256BD0 /* Project object */;
}
