// !$*UTF8*$!
{
	archiveVersion = 1;
	classes = {
	};
	objectVersion = 46;
	objects = {

/* Begin PBXFileReference section */
		3B28FF081C0C864900ED363F /* PCIController.cpp */ = {isa = PBXFileReference; fileEncoding = 4; lastKnownFileType = sourcecode.cpp.cpp; path = PCIController.cpp; sourceTree = "<group>"; };
		3B28FF091C0C864900ED363F /* PCIController.hpp */ = {isa = PBXFileReference; fileEncoding = 4; lastKnownFileType = sourcecode.cpp.h; path = PCIController.hpp; sourceTree = "<group>"; };
		3B28FF0A1C0C8C3D00ED363F /* Time.cpp */ = {isa = PBXFileReference; fileEncoding = 4; lastKnownFileType = sourcecode.cpp.cpp; path = Time.cpp; sourceTree = "<group>"; };
		3B28FF0B1C0C8C3D00ED363F /* Time.hpp */ = {isa = PBXFileReference; fileEncoding = 4; lastKnownFileType = sourcecode.cpp.h; path = Time.hpp; sourceTree = "<group>"; };
		3B5B35B91BFE44FD003D3763 /* README.md */ = {isa = PBXFileReference; fileEncoding = 4; lastKnownFileType = net.daringfireball.markdown; path = README.md; sourceTree = "<group>"; };
		3B5B35BA1BFE4506003D3763 /* linker.ld */ = {isa = PBXFileReference; fileEncoding = 4; lastKnownFileType = text; name = linker.ld; path = build/linker.ld; sourceTree = "<group>"; };
		3B5B35BB1BFE450F003D3763 /* boot.s */ = {isa = PBXFileReference; fileEncoding = 4; lastKnownFileType = sourcecode.asm; path = boot.s; sourceTree = "<group>"; };
		3B5B35BC1BFE451E003D3763 /* ACPIController.cpp */ = {isa = PBXFileReference; fileEncoding = 4; lastKnownFileType = sourcecode.cpp.cpp; path = ACPIController.cpp; sourceTree = "<group>"; };
		3B5B35BD1BFE451E003D3763 /* ACPIController.hpp */ = {isa = PBXFileReference; fileEncoding = 4; lastKnownFileType = sourcecode.cpp.h; path = ACPIController.hpp; sourceTree = "<group>"; };
		3B5B35C01BFE451E003D3763 /* kernel.cpp */ = {isa = PBXFileReference; fileEncoding = 4; lastKnownFileType = sourcecode.cpp.cpp; path = kernel.cpp; sourceTree = "<group>"; };
		3B5B35C11BFE451E003D3763 /* terminal.cpp */ = {isa = PBXFileReference; fileEncoding = 4; lastKnownFileType = sourcecode.cpp.cpp; path = terminal.cpp; sourceTree = "<group>"; };
		3B5B35C21BFE451E003D3763 /* terminal.hpp */ = {isa = PBXFileReference; fileEncoding = 4; lastKnownFileType = sourcecode.cpp.h; path = terminal.hpp; sourceTree = "<group>"; };
		3B5B35C51BFE4566003D3763 /* build.sh */ = {isa = PBXFileReference; fileEncoding = 4; lastKnownFileType = text.script.sh; path = build.sh; sourceTree = "<group>"; };
		3B7923271C099BFF00F721ED /* build */ = {isa = PBXFileReference; lastKnownFileType = folder; path = build; sourceTree = "<group>"; };
		3B85C2A31C1B4A7200F56D0D /* command.cpp */ = {isa = PBXFileReference; fileEncoding = 4; lastKnownFileType = sourcecode.cpp.cpp; path = command.cpp; sourceTree = "<group>"; };
		3BA6BC271C19D9AD009C8F87 /* interrupts.hpp */ = {isa = PBXFileReference; fileEncoding = 4; lastKnownFileType = sourcecode.cpp.h; name = interrupts.hpp; path = include/interrupts.hpp; sourceTree = "<group>"; };
		3BA6BC281C19D9AD009C8F87 /* stdio.cpp */ = {isa = PBXFileReference; fileEncoding = 4; lastKnownFileType = sourcecode.cpp.cpp; name = stdio.cpp; path = include/stdio.cpp; sourceTree = "<group>"; };
		3BA6BC291C19D9AD009C8F87 /* stdio.h */ = {isa = PBXFileReference; fileEncoding = 4; lastKnownFileType = sourcecode.c.h; name = stdio.h; path = include/stdio.h; sourceTree = "<group>"; };
		3BA6BC2A1C19D9AD009C8F87 /* stdlib.cpp */ = {isa = PBXFileReference; fileEncoding = 4; lastKnownFileType = sourcecode.cpp.cpp; name = stdlib.cpp; path = include/stdlib.cpp; sourceTree = "<group>"; };
		3BA6BC2B1C19D9AD009C8F87 /* stdlib.h */ = {isa = PBXFileReference; fileEncoding = 4; lastKnownFileType = sourcecode.c.h; name = stdlib.h; path = include/stdlib.h; sourceTree = "<group>"; };
		3BA6BC2C1C19D9AD009C8F87 /* string.cpp */ = {isa = PBXFileReference; fileEncoding = 4; lastKnownFileType = sourcecode.cpp.cpp; name = string.cpp; path = include/string.cpp; sourceTree = "<group>"; };
		3BA6BC2D1C19D9AD009C8F87 /* string.h */ = {isa = PBXFileReference; fileEncoding = 4; lastKnownFileType = sourcecode.c.h; name = string.h; path = include/string.h; sourceTree = "<group>"; };
		3BA6BC2E1C19D9AD009C8F87 /* version.h */ = {isa = PBXFileReference; fileEncoding = 4; lastKnownFileType = sourcecode.c.h; name = version.h; path = include/version.h; sourceTree = "<group>"; };
		3BA6BC311C19DCDD009C8F87 /* arch.cpp */ = {isa = PBXFileReference; fileEncoding = 4; lastKnownFileType = sourcecode.cpp.cpp; name = arch.cpp; path = include/arch/arch.cpp; sourceTree = "<group>"; };
		3BA6BC321C19DCDD009C8F87 /* arch.hpp */ = {isa = PBXFileReference; fileEncoding = 4; lastKnownFileType = sourcecode.cpp.h; name = arch.hpp; path = include/arch/arch.hpp; sourceTree = "<group>"; };
/* End PBXFileReference section */

/* Begin PBXGroup section */
		3B5B35AA1BFE4477003D3763 = {
			isa = PBXGroup;
			children = (
				3B5B35B51BFE4498003D3763 /* Assembly */,
				3B5B35B61BFE44AD003D3763 /* Linker */,
				3B5B35B71BFE44C6003D3763 /* README */,
				3B5B35B81BFE44D3003D3763 /* Source */,
				3B5B35C41BFE452C003D3763 /* Scripts */,
				3B7923261C099BE000F721ED /* build */,
			);
			sourceTree = "<group>";
		};
		3B5B35B51BFE4498003D3763 /* Assembly */ = {
			isa = PBXGroup;
			children = (
				3B5B35BB1BFE450F003D3763 /* boot.s */,
			);
			name = Assembly;
			sourceTree = "<group>";
		};
		3B5B35B61BFE44AD003D3763 /* Linker */ = {
			isa = PBXGroup;
			children = (
				3B5B35BA1BFE4506003D3763 /* linker.ld */,
			);
			name = Linker;
			sourceTree = "<group>";
		};
		3B5B35B71BFE44C6003D3763 /* README */ = {
			isa = PBXGroup;
			children = (
				3B5B35B91BFE44FD003D3763 /* README.md */,
			);
			name = README;
			sourceTree = "<group>";
		};
		3B5B35B81BFE44D3003D3763 /* Source */ = {
			isa = PBXGroup;
			children = (
				3BA6BC2F1C19DC59009C8F87 /* include */,
				3B5B35C01BFE451E003D3763 /* kernel.cpp */,
				3B5B35C11BFE451E003D3763 /* terminal.cpp */,
				3B5B35C21BFE451E003D3763 /* terminal.hpp */,
				3B5B35BC1BFE451E003D3763 /* ACPIController.cpp */,
				3B5B35BD1BFE451E003D3763 /* ACPIController.hpp */,
				3B28FF081C0C864900ED363F /* PCIController.cpp */,
				3B28FF091C0C864900ED363F /* PCIController.hpp */,
				3B28FF0A1C0C8C3D00ED363F /* Time.cpp */,
				3B28FF0B1C0C8C3D00ED363F /* Time.hpp */,
				3B85C2A31C1B4A7200F56D0D /* command.cpp */,
			);
			name = Source;
			sourceTree = "<group>";
		};
		3B5B35C41BFE452C003D3763 /* Scripts */ = {
			isa = PBXGroup;
			children = (
				3B5B35C51BFE4566003D3763 /* build.sh */,
			);
			name = Scripts;
			sourceTree = "<group>";
		};
		3B7923261C099BE000F721ED /* build */ = {
			isa = PBXGroup;
			children = (
				3B7923271C099BFF00F721ED /* build */,
			);
			name = build;
			sourceTree = "<group>";
		};
		3BA6BC2F1C19DC59009C8F87 /* include */ = {
			isa = PBXGroup;
			children = (
				3BA6BC301C19DCB1009C8F87 /* arch */,
				3BA6BC291C19D9AD009C8F87 /* stdio.h */,
				3BA6BC281C19D9AD009C8F87 /* stdio.cpp */,
				3BA6BC2B1C19D9AD009C8F87 /* stdlib.h */,
				3BA6BC2A1C19D9AD009C8F87 /* stdlib.cpp */,
				3BA6BC2D1C19D9AD009C8F87 /* string.h */,
				3BA6BC2C1C19D9AD009C8F87 /* string.cpp */,
				3BA6BC2E1C19D9AD009C8F87 /* version.h */,
				3BA6BC271C19D9AD009C8F87 /* interrupts.hpp */,
			);
			name = include;
			sourceTree = "<group>";
		};
		3BA6BC301C19DCB1009C8F87 /* arch */ = {
			isa = PBXGroup;
			children = (
				3BA6BC311C19DCDD009C8F87 /* arch.cpp */,
				3BA6BC321C19DCDD009C8F87 /* arch.hpp */,
			);
			name = arch;
			sourceTree = "<group>";
		};
/* End PBXGroup section */

/* Begin PBXLegacyTarget section */
		3B5B35AF1BFE4477003D3763 /* OS */ = {
			isa = PBXLegacyTarget;
			buildArgumentsString = "$(ACTION)";
			buildConfigurationList = 3B5B35B21BFE4477003D3763 /* Build configuration list for PBXLegacyTarget "OS" */;
			buildPhases = (
			);
			buildToolPath = /Users/adamkopec/Documents/OS/build.sh;
			dependencies = (
			);
			name = OS;
			passBuildSettingsInEnvironment = 1;
			productName = OS;
		};
/* End PBXLegacyTarget section */

/* Begin PBXProject section */
		3B5B35AB1BFE4477003D3763 /* Project object */ = {
			isa = PBXProject;
			attributes = {
				LastUpgradeCheck = 0710;
				ORGANIZATIONNAME = "Adam Kopeć";
				TargetAttributes = {
					3B5B35AF1BFE4477003D3763 = {
						CreatedOnToolsVersion = 7.1.1;
					};
				};
			};
			buildConfigurationList = 3B5B35AE1BFE4477003D3763 /* Build configuration list for PBXProject "OS" */;
			compatibilityVersion = "Xcode 3.2";
			developmentRegion = English;
			hasScannedForEncodings = 0;
			knownRegions = (
				en,
			);
			mainGroup = 3B5B35AA1BFE4477003D3763;
			projectDirPath = "";
			projectRoot = "";
			targets = (
				3B5B35AF1BFE4477003D3763 /* OS */,
			);
		};
/* End PBXProject section */

/* Begin XCBuildConfiguration section */
		3B5B35B01BFE4477003D3763 /* Debug */ = {
			isa = XCBuildConfiguration;
			buildSettings = {
				ALWAYS_SEARCH_USER_PATHS = NO;
				CLANG_CXX_LANGUAGE_STANDARD = "gnu++0x";
				CLANG_CXX_LIBRARY = "libc++";
				CLANG_ENABLE_MODULES = YES;
				CLANG_ENABLE_OBJC_ARC = YES;
				CLANG_WARN_BOOL_CONVERSION = YES;
				CLANG_WARN_CONSTANT_CONVERSION = YES;
				CLANG_WARN_DIRECT_OBJC_ISA_USAGE = YES_ERROR;
				CLANG_WARN_EMPTY_BODY = YES;
				CLANG_WARN_ENUM_CONVERSION = YES;
				CLANG_WARN_INT_CONVERSION = YES;
				CLANG_WARN_OBJC_ROOT_CLASS = YES_ERROR;
				CLANG_WARN_UNREACHABLE_CODE = YES;
				CLANG_WARN__DUPLICATE_METHOD_MATCH = YES;
				COPY_PHASE_STRIP = NO;
				DEBUG_INFORMATION_FORMAT = dwarf;
				ENABLE_STRICT_OBJC_MSGSEND = YES;
				ENABLE_TESTABILITY = YES;
				GCC_C_LANGUAGE_STANDARD = gnu99;
				GCC_DYNAMIC_NO_PIC = NO;
				GCC_NO_COMMON_BLOCKS = YES;
				GCC_OPTIMIZATION_LEVEL = 0;
				GCC_PREPROCESSOR_DEFINITIONS = (
					"DEBUG=1",
					"$(inherited)",
				);
				GCC_WARN_64_TO_32_BIT_CONVERSION = YES;
				GCC_WARN_ABOUT_RETURN_TYPE = YES_ERROR;
				GCC_WARN_UNDECLARED_SELECTOR = YES;
				GCC_WARN_UNINITIALIZED_AUTOS = YES_AGGRESSIVE;
				GCC_WARN_UNUSED_FUNCTION = YES;
				GCC_WARN_UNUSED_VARIABLE = YES;
				MTL_ENABLE_DEBUG_INFO = YES;
				ONLY_ACTIVE_ARCH = YES;
			};
			name = Debug;
		};
		3B5B35B11BFE4477003D3763 /* Release */ = {
			isa = XCBuildConfiguration;
			buildSettings = {
				ALWAYS_SEARCH_USER_PATHS = NO;
				CLANG_CXX_LANGUAGE_STANDARD = "gnu++0x";
				CLANG_CXX_LIBRARY = "libc++";
				CLANG_ENABLE_MODULES = YES;
				CLANG_ENABLE_OBJC_ARC = YES;
				CLANG_WARN_BOOL_CONVERSION = YES;
				CLANG_WARN_CONSTANT_CONVERSION = YES;
				CLANG_WARN_DIRECT_OBJC_ISA_USAGE = YES_ERROR;
				CLANG_WARN_EMPTY_BODY = YES;
				CLANG_WARN_ENUM_CONVERSION = YES;
				CLANG_WARN_INT_CONVERSION = YES;
				CLANG_WARN_OBJC_ROOT_CLASS = YES_ERROR;
				CLANG_WARN_UNREACHABLE_CODE = YES;
				CLANG_WARN__DUPLICATE_METHOD_MATCH = YES;
				COPY_PHASE_STRIP = NO;
				DEBUG_INFORMATION_FORMAT = "dwarf-with-dsym";
				ENABLE_NS_ASSERTIONS = NO;
				ENABLE_STRICT_OBJC_MSGSEND = YES;
				GCC_C_LANGUAGE_STANDARD = gnu99;
				GCC_NO_COMMON_BLOCKS = YES;
				GCC_WARN_64_TO_32_BIT_CONVERSION = YES;
				GCC_WARN_ABOUT_RETURN_TYPE = YES_ERROR;
				GCC_WARN_UNDECLARED_SELECTOR = YES;
				GCC_WARN_UNINITIALIZED_AUTOS = YES_AGGRESSIVE;
				GCC_WARN_UNUSED_FUNCTION = YES;
				GCC_WARN_UNUSED_VARIABLE = YES;
				MTL_ENABLE_DEBUG_INFO = NO;
			};
			name = Release;
		};
		3B5B35B31BFE4477003D3763 /* Debug */ = {
			isa = XCBuildConfiguration;
			buildSettings = {
				DEBUGGING_SYMBOLS = YES;
				DEBUG_INFORMATION_FORMAT = dwarf;
				GCC_C_LANGUAGE_STANDARD = gnu99;
				GCC_GENERATE_DEBUGGING_SYMBOLS = YES;
				GCC_OPTIMIZATION_LEVEL = 0;
				OTHER_CFLAGS = "";
				OTHER_LDFLAGS = "";
				PRODUCT_NAME = "$(TARGET_NAME)";
			};
			name = Debug;
		};
		3B5B35B41BFE4477003D3763 /* Release */ = {
			isa = XCBuildConfiguration;
			buildSettings = {
				DEBUG_INFORMATION_FORMAT = "dwarf-with-dsym";
				GCC_C_LANGUAGE_STANDARD = gnu99;
				OTHER_CFLAGS = "";
				OTHER_LDFLAGS = "";
				PRODUCT_NAME = "$(TARGET_NAME)";
			};
			name = Release;
		};
/* End XCBuildConfiguration section */

/* Begin XCConfigurationList section */
		3B5B35AE1BFE4477003D3763 /* Build configuration list for PBXProject "OS" */ = {
			isa = XCConfigurationList;
			buildConfigurations = (
				3B5B35B01BFE4477003D3763 /* Debug */,
				3B5B35B11BFE4477003D3763 /* Release */,
			);
			defaultConfigurationIsVisible = 0;
			defaultConfigurationName = Release;
		};
		3B5B35B21BFE4477003D3763 /* Build configuration list for PBXLegacyTarget "OS" */ = {
			isa = XCConfigurationList;
			buildConfigurations = (
				3B5B35B31BFE4477003D3763 /* Debug */,
				3B5B35B41BFE4477003D3763 /* Release */,
			);
			defaultConfigurationIsVisible = 0;
			defaultConfigurationName = Release;
		};
/* End XCConfigurationList section */
	};
	rootObject = 3B5B35AB1BFE4477003D3763 /* Project object */;
}
